
Microsoft Visual Studio Solution File, Format Version 12.00
# Visual Studio Version 17
VisualStudioVersion = 17.14.36212.18
MinimumVisualStudioVersion = 10.0.40219.1
Project("{2150E333-8FDC-42A3-9474-1A3956D46DE8}") = "0.Core", "0.Core", "{02EA681E-C7D8-13C7-8484-4AC65E1B71E8}"
EndProject
Project("{2150E333-8FDC-42A3-9474-1A3956D46DE8}") = "1.EnterpriseBusinessObjects", "1.EnterpriseBusinessObjects", "{1199E8BA-25D1-4F43-881B-D4695C673CC0}"
EndProject
Project("{2150E333-8FDC-42A3-9474-1A3956D46DE8}") = "2.ApplicationBusinessObjects", "2.ApplicationBusinessObjects", "{2C13325C-BA95-4D21-84C8-1F299E994BA9}"
EndProject
Project("{2150E333-8FDC-42A3-9474-1A3956D46DE8}") = "3.InterfaceAdapters", "3.InterfaceAdapters", "{B9DEF4EB-7097-4FA2-A4EE-F4B0D7D2747F}"
EndProject
Project("{2150E333-8FDC-42A3-9474-1A3956D46DE8}") = "4.Framework&Drivers", "4.Framework&Drivers", "{106B3320-8D5C-4C4B-A7BA-A6311185D129}"
EndProject
Project("{FAE04EC0-301F-11D3-BF4B-00C04F79EFBC}") = "MedRec.Entity", "1.EnterpriseBusinessObjects\MedRec.Entity\MedRec.Entity.csproj", "{73E79844-6FE0-458F-AA4A-29EC3FD1A1FB}"
EndProject
Project("{FAE04EC0-301F-11D3-BF4B-00C04F79EFBC}") = "MedRec.Patients.BusinessObjects", "2.ApplicationBusinessObjects\MedRec.Patients.BusinessObjects\MedRec.Patients.BusinessObjects.csproj", "{0DB49705-4FE5-12F8-3BA1-B120F7EBE3D5}"
EndProject
Project("{FAE04EC0-301F-11D3-BF4B-00C04F79EFBC}") = "MedRec.Patients.UseCases", "2.ApplicationBusinessObjects\MedRec.Patients.UseCases\MedRec.Patients.UseCases.csproj", "{3D5F7EFF-707D-470E-947D-E8DB27C0A2D0}"
EndProject
Project("{FAE04EC0-301F-11D3-BF4B-00C04F79EFBC}") = "MedRec.Shared", "1.EnterpriseBusinessObjects\MedRec.Shared\MedRec.Shared.csproj", "{A2A7D08F-E491-4C59-877F-959723E09F5F}"
EndProject
Project("{2150E333-8FDC-42A3-9474-1A3956D46DE8}") = "DataContext", "DataContext", "{D5732680-C0BF-4F85-8750-E56047E33F97}"
EndProject
Project("{2150E333-8FDC-42A3-9474-1A3956D46DE8}") = "Presenters", "Presenters", "{970EB8E6-7352-42C3-B0DD-8E2003CFCCE2}"
EndProject
Project("{2150E333-8FDC-42A3-9474-1A3956D46DE8}") = "Repositories", "Repositories", "{E1291724-AAFE-4E77-94BF-A7A357BD6471}"
EndProject
Project("{FAE04EC0-301F-11D3-BF4B-00C04F79EFBC}") = "MedRec.Patients.Presenters", "3.InterfaceAdapters\MedRec.Patients.Presenters\MedRec.Patients.Presenters.csproj", "{D1665756-555D-62C3-6227-C28673E436A3}"
EndProject
Project("{FAE04EC0-301F-11D3-BF4B-00C04F79EFBC}") = "MedRec.Patients.Repositories", "3.InterfaceAdapters\MedRec.Patients.Repositories\MedRec.Patients.Repositories.csproj", "{73011683-F1A5-4EC0-8D3D-993411B9DCFE}"
EndProject
Project("{2150E333-8FDC-42A3-9474-1A3956D46DE8}") = "Shared", "Shared", "{68223BD1-4B5D-4700-A88E-99F102EB379B}"
EndProject
Project("{2150E333-8FDC-42A3-9474-1A3956D46DE8}") = "Patient", "Patient", "{6E22D67B-70AA-4468-BA45-32056754EA19}"
EndProject
Project("{FAE04EC0-301F-11D3-BF4B-00C04F79EFBC}") = "MedRec.Repositories", "3.InterfaceAdapters\MedRec.Repositories\MedRec.Repositories.csproj", "{C6D04DA5-16EB-42D7-9D19-739D1E05F408}"
EndProject
Project("{FAE04EC0-301F-11D3-BF4B-00C04F79EFBC}") = "MedRec.BusinessObjects", "2.ApplicationBusinessObjects\MedRec.BusinessObjects\MedRec.BusinessObjects.csproj", "{C432CC9A-BAF4-4785-868B-9D337D8513A2}"
EndProject
Project("{FAE04EC0-301F-11D3-BF4B-00C04F79EFBC}") = "MedRec.WPF.UI", "4.Framework&Drivers\MedRec.WPF.UI\MedRec.WPF.UI.csproj", "{391CD7E2-A408-49DC-AAA1-5F9AD1100100}"
EndProject
Project("{2150E333-8FDC-42A3-9474-1A3956D46DE8}") = "InversionOfControl", "InversionOfControl", "{4380E936-CE5F-4B4F-ADDB-56B228F8B82B}"
EndProject
Project("{FAE04EC0-301F-11D3-BF4B-00C04F79EFBC}") = "MedRec.IoC", "4.Framework&Drivers\MedRec.IoC\MedRec.IoC.csproj", "{E208CC2B-5654-409C-8C61-FD6152A9E26F}"
EndProject
Project("{2150E333-8FDC-42A3-9474-1A3956D46DE8}") = "UserInterface", "UserInterface", "{28661278-7D42-47C2-B295-09A24BA3D2F5}"
EndProject
Project("{2150E333-8FDC-42A3-9474-1A3956D46DE8}") = "ViewModels", "ViewModels", "{45230657-F857-4862-B249-E145B0810064}"
EndProject
Project("{FAE04EC0-301F-11D3-BF4B-00C04F79EFBC}") = "MedRec.Patients.ViewModels", "3.InterfaceAdapters\MedRec.Patients.ViewModels\MedRec.Patients.ViewModels.csproj", "{52F07E4D-8F0E-41BB-ACFE-DE56B50B50D2}"
EndProject
Project("{2150E333-8FDC-42A3-9474-1A3956D46DE8}") = "Views", "Views", "{F667D523-744B-418A-AAEB-BD800F50097C}"
EndProject
Project("{FAE04EC0-301F-11D3-BF4B-00C04F79EFBC}") = "MedRec.CommonComponents.Views", "3.InterfaceAdapters\MedRec.CommonComponents.Views\MedRec.CommonComponents.Views.csproj", "{B4A59363-451A-4810-97CA-3269A1195385}"
EndProject
Project("{FAE04EC0-301F-11D3-BF4B-00C04F79EFBC}") = "MedRec.Patients.Views", "3.InterfaceAdapters\MedRec.Patients.Views\MedRec.Patients.Views.csproj", "{7981D357-2243-4943-FEFD-A2553751EBC7}"
EndProject
Project("{2150E333-8FDC-42A3-9474-1A3956D46DE8}") = "Patients", "Patients", "{9A064CC3-026F-43D5-9994-9F26505B857F}"
EndProject
Project("{2150E333-8FDC-42A3-9474-1A3956D46DE8}") = "HealthInsurance", "HealthInsurance", "{71DA4695-85F2-47E3-8F4A-0D77AE5C1702}"
EndProject
Project("{FAE04EC0-301F-11D3-BF4B-00C04F79EFBC}") = "MedRec.HealthInsurance.Presenters", "3.InterfaceAdapters\MedRec.HealthInsurance.Presenters\MedRec.HealthInsurance.Presenters.csproj", "{E76AC9EE-A221-4879-B372-54E35EEC0839}"
EndProject
Project("{FAE04EC0-301F-11D3-BF4B-00C04F79EFBC}") = "MedRec.HealthInsurance.BusinessObjects", "2.ApplicationBusinessObjects\MedRec.HealthInsurance.BusinessObjects\MedRec.HealthInsurance.BusinessObjects.csproj", "{0DD9675A-0E8C-D6A3-7BF2-9B59EF62A53F}"
EndProject
Project("{FAE04EC0-301F-11D3-BF4B-00C04F79EFBC}") = "MedRec.HealthInsurance.UseCases", "2.ApplicationBusinessObjects\MedRec.HealthInsurance.UeseCases\MedRec.HealthInsurance.UseCases.csproj", "{373A1B00-67B8-243A-BACC-8C7973A06E2B}"
EndProject
Project("{2150E333-8FDC-42A3-9474-1A3956D46DE8}") = "Patients", "Patients", "{02840250-D0C2-49BF-917E-D573167F2DC9}"
EndProject
Project("{FAE04EC0-301F-11D3-BF4B-00C04F79EFBC}") = "MrdRec.HealthInsurance.Repositories", "3.InterfaceAdapters\MrdRec.HealthInsurance.Repositories\MrdRec.HealthInsurance.Repositories.csproj", "{D2666FC0-409C-41DF-8453-C2172B6B2F73}"
EndProject
Project("{2150E333-8FDC-42A3-9474-1A3956D46DE8}") = "HealthInsurance", "HealthInsurance", "{0F003C41-48E0-4B64-A0D1-EB3829D569EB}"
EndProject
Project("{2150E333-8FDC-42A3-9474-1A3956D46DE8}") = "HealthInsurance", "HealthInsurance", "{BC192DAA-02E5-4AB5-8241-1839C05ECEA2}"
EndProject
Project("{FAE04EC0-301F-11D3-BF4B-00C04F79EFBC}") = "MedRec.HealthInsurance.DataContext.EF", "4.Framework&Drivers\MedRec.HealthInsurance.DataContext.EF\MedRec.HealthInsurance.DataContext.EF.csproj", "{7FFBFECC-E253-4533-BD1B-BA8FF34B0C67}"
EndProject
Project("{2150E333-8FDC-42A3-9474-1A3956D46DE8}") = "HealthInsurance", "HealthInsurance", "{749D56A2-DA95-40CE-BFB1-75EC1DFF5864}"
EndProject
Project("{2150E333-8FDC-42A3-9474-1A3956D46DE8}") = "Patient", "Patient", "{7ECBBB40-FB34-47F3-A767-7E9F93605637}"
EndProject
Project("{FAE04EC0-301F-11D3-BF4B-00C04F79EFBC}") = "MedRec.HealthInsurance.ViewModels", "3.InterfaceAdapters\MedRec.HealthInsurance.ViewModels\MedRec.HealthInsurance.ViewModels.csproj", "{CB9E0DBC-ECC9-4E85-9C2C-5B4EEA34A831}"
EndProject
Project("{2150E333-8FDC-42A3-9474-1A3956D46DE8}") = "Solution Items", "Solution Items", "{76D36FD9-36CE-4778-A5AB-1EFF38592467}"
	ProjectSection(SolutionItems) = preProject
		.editorconfig = .editorconfig
	EndProjectSection
EndProject
Project("{FAE04EC0-301F-11D3-BF4B-00C04F79EFBC}") = "MedRec.HealthInsurance.Views", "3.InterfaceAdapters\MedRec.HealthInsurance.Views\MedRec.HealthInsurance.Views.csproj", "{2BFA8AC3-61F2-4942-B004-DBA3F4D6EFE8}"
EndProject
Project("{FAE04EC0-301F-11D3-BF4B-00C04F79EFBC}") = "MedRec.Validator", "1.EnterpriseBusinessObjects\MedRec.Validator\MedRec.Validator.csproj", "{5E455398-6EFB-4195-BDEF-07B3055C0470}"
EndProject
Project("{FAE04EC0-301F-11D3-BF4B-00C04F79EFBC}") = "MedRec.DataContext.MySql", "4.Framework&Drivers\MedRec.DataContext.MySql\MedRec.DataContext.MySql.csproj", "{C86FD2A7-DE25-4DE8-9C07-513525B877A8}"
EndProject
Project("{FAE04EC0-301F-11D3-BF4B-00C04F79EFBC}") = "MedRec.Patients.DataContext.MySql", "4.Framework&Drivers\MedRec.Patients.DataContext.MySql\MedRec.Patients.DataContext.MySql.csproj", "{8D1AD769-2CB1-42DC-A5D5-D0D9C6D23C32}"
EndProject
Project("{2150E333-8FDC-42A3-9474-1A3956D46DE8}") = "PatientMedicalVisit", "PatientMedicalVisit", "{6F2C2A99-8887-4CFE-9763-9FFA228079C7}"
EndProject
Project("{2150E333-8FDC-42A3-9474-1A3956D46DE8}") = "PatientMedicalVisit", "PatientMedicalVisit", "{72FF2121-E16B-4DCA-8ED5-C05F51245F43}"
EndProject
Project("{FAE04EC0-301F-11D3-BF4B-00C04F79EFBC}") = "Test", "Test\Test.csproj", "{354FAF78-997F-40E1-B8E9-883779C99E73}"
EndProject
Project("{FAE04EC0-301F-11D3-BF4B-00C04F79EFBC}") = "MedRec.MedicalVisit.BusinessObjects", "2.ApplicationBusinessObjects\MedRec.MedicalVisit.BusinessObjects\MedRec.MedicalVisit.BusinessObjects.csproj", "{BFAD29E0-18DF-03BA-C4E1-74C8FFC629C9}"
EndProject
Project("{FAE04EC0-301F-11D3-BF4B-00C04F79EFBC}") = "MedRec.MedicalVisit.UseCases", "2.ApplicationBusinessObjects\MedRec.MedicalVisit.UseCases\MedRec.MedicalVisit.UseCases.csproj", "{B365BDE9-AEAE-C7A0-BF7B-FAA263A23392}"
EndProject
Project("{FAE04EC0-301F-11D3-BF4B-00C04F79EFBC}") = "MedRec.MedicalVisit.ViewModels", "3.InterfaceAdapters\MedRec.MedicalVisit.ViewModels\MedRec.MedicalVisit.ViewModels.csproj", "{03A18A5B-1AF5-8986-D345-7CDCAB7EFD8E}"
EndProject
Project("{FAE04EC0-301F-11D3-BF4B-00C04F79EFBC}") = "MedRec.MedicalVisit.Views", "3.InterfaceAdapters\MedRec.MedicalVisit.Views\MedRec.MedicalVisit.Views.csproj", "{B5F13F92-376F-BA68-BE8F-D9251B004FCF}"
EndProject
Project("{FAE04EC0-301F-11D3-BF4B-00C04F79EFBC}") = "MedRec.MedicalVisit.Presenters", "3.InterfaceAdapters\MedRec.MedicalVisit.Presenters\MedRec.MedicalVisit.Presenters.csproj", "{88454F85-A6C8-4C06-9838-6F66FE665E94}"
EndProject
Project("{2150E333-8FDC-42A3-9474-1A3956D46DE8}") = "PatientMedicalVisit", "PatientMedicalVisit", "{195D4BA9-078D-418C-ACE7-DAFFD0CB00B6}"
EndProject
Project("{2150E333-8FDC-42A3-9474-1A3956D46DE8}") = "PatientMedicalVisit", "PatientMedicalVisit", "{2563AA53-5AA7-4369-9761-9006896F3D6E}"
EndProject
Project("{2150E333-8FDC-42A3-9474-1A3956D46DE8}") = "Patients", "Patients", "{E167542A-7F9E-4ECF-A73C-B5AFF1B84C13}"
EndProject
Project("{2150E333-8FDC-42A3-9474-1A3956D46DE8}") = "HealthInsurance", "HealthInsurance", "{340A29E5-0DA5-4224-8DD9-926871B0BA2B}"
EndProject
Project("{FAE04EC0-301F-11D3-BF4B-00C04F79EFBC}") = "MedRec.MedicalVisit.Repositories", "3.InterfaceAdapters\MedRec.MedicalVisit.Repositories\MedRec.MedicalVisit.Repositories.csproj", "{16D60ABF-CABE-42E4-B6CC-7C7B2406466D}"
EndProject
Project("{FAE04EC0-301F-11D3-BF4B-00C04F79EFBC}") = "MedRec.Common.Repositories", "3.InterfaceAdapters\MedRec.Common.Repositories\MedRec.Common.Repositories.csproj", "{15F9FEB1-C86A-46AA-B1A8-EAAD6FD4890B}"
EndProject
Project("{2150E333-8FDC-42A3-9474-1A3956D46DE8}") = "PatientMedicalVisit", "PatientMedicalVisit", "{3D0477DB-1380-44BA-A6B5-D8C75F486553}"
EndProject
Project("{FAE04EC0-301F-11D3-BF4B-00C04F79EFBC}") = "MedRec.MedicalVisit.DataContext.MySql", "4.Framework&Drivers\MedRec.MedicalVisit.DataContext.MySql\MedRec.MedicalVisit.DataContext.MySql.csproj", "{14714514-3C19-4F44-A1F0-E611352A53B9}"
EndProject
Project("{FAE04EC0-301F-11D3-BF4B-00C04F79EFBC}") = "MedRec.MedicalAppointments.Views", "3.InterfaceAdapters\MedRec.MedicalAppointments.Views\MedRec.MedicalAppointments.Views.csproj", "{616F92D8-EBF8-4024-88E3-116C278404BC}"
EndProject
Project("{2150E333-8FDC-42A3-9474-1A3956D46DE8}") = "MedicalAppointment", "MedicalAppointment", "{FCC562D2-C488-4379-AA4B-CF51458671EA}"
EndProject
Project("{2150E333-8FDC-42A3-9474-1A3956D46DE8}") = "MedicalAppointment", "MedicalAppointment", "{BB68B843-CF86-49A6-A31E-6E3E94AF7C9A}"
EndProject
Project("{FAE04EC0-301F-11D3-BF4B-00C04F79EFBC}") = "MedRec.MedicalAppointments.DataContext.MySql", "4.Framework&Drivers\MedRec.MedicalAppointment.DataContext.MySql\MedRec.MedicalAppointments.DataContext.MySql.csproj", "{D255F0B6-89A0-49CA-9BFF-865DF3E4E826}"
EndProject
Project("{2150E333-8FDC-42A3-9474-1A3956D46DE8}") = "MedicalAppointment", "MedicalAppointment", "{EF69C328-80AF-420C-900B-E691B2CCFD28}"
EndProject
Project("{FAE04EC0-301F-11D3-BF4B-00C04F79EFBC}") = "MedRec.MedicalAppointments.BusinessObjects", "2.ApplicationBusinessObjects\MedRec.MedicalAppointment.BusinessObjects\MedRec.MedicalAppointments.BusinessObjects.csproj", "{CBEEF306-E784-46F3-B01B-61F20D5C631B}"
EndProject
Project("{FAE04EC0-301F-11D3-BF4B-00C04F79EFBC}") = "MedRec.MedicalAppointments.UseCases", "2.ApplicationBusinessObjects\MedRec.MedicalAppointments.UseCases\MedRec.MedicalAppointments.UseCases.csproj", "{A3927245-531B-365F-463D-5B1977EF7615}"
EndProject
Project("{2150E333-8FDC-42A3-9474-1A3956D46DE8}") = "MedicalAppointment", "MedicalAppointment", "{13402F3B-1F12-4188-B81F-BFF1F5267399}"
EndProject
Project("{FAE04EC0-301F-11D3-BF4B-00C04F79EFBC}") = "MedRec.MedicalAppointments.Repositories", "3.InterfaceAdapters\MedRec.MedicalAppointments.Repositories\MedRec.MedicalAppointments.Repositories.csproj", "{042FD217-C4D9-1C5D-9613-EC3B45B6EBBE}"
EndProject
Project("{2150E333-8FDC-42A3-9474-1A3956D46DE8}") = "MedicalAppointment", "MedicalAppointment", "{63FEFB32-7D69-45CF-B1BF-B20D49A4C106}"
EndProject
Project("{FAE04EC0-301F-11D3-BF4B-00C04F79EFBC}") = "MedRec.MedicalAppointments.Presenters", "3.InterfaceAdapters\MedRec.MedicalAppointments.Presenters\MedRec.MedicalAppointments.Presenters.csproj", "{1F3B881B-4B80-44ED-AE1C-3DECF92AE8BF}"
EndProject
Project("{2150E333-8FDC-42A3-9474-1A3956D46DE8}") = "Test", "Test", "{D00DC458-21DA-428A-A011-D01F33071CB5}"
EndProject
Project("{FAE04EC0-301F-11D3-BF4B-00C04F79EFBC}") = "MedRec.MedicalVisit.UseCases.Tests", "Test\MedRec.MedicalVisit.UseCases.Tests\MedRec.MedicalVisit.UseCases.Tests.csproj", "{93134DFB-3E8F-47D7-8B84-C227A7734354}"
EndProject
Project("{FAE04EC0-301F-11D3-BF4B-00C04F79EFBC}") = "MedRec.MedicalAppointments.ViewModels", "3.InterfaceAdapters\MedRec.MedicalAppointments.ViewModels\MedRec.MedicalAppointments.ViewModels.csproj", "{5533F148-EAD4-DF54-573E-27402E7A9C1B}"
EndProject
Global
	GlobalSection(SolutionConfigurationPlatforms) = preSolution
		Debug|Any CPU = Debug|Any CPU
		Debug|ARM64 = Debug|ARM64
		Debug|x64 = Debug|x64
		Debug|x86 = Debug|x86
		Release|Any CPU = Release|Any CPU
		Release|ARM64 = Release|ARM64
		Release|x64 = Release|x64
		Release|x86 = Release|x86
	EndGlobalSection
	GlobalSection(ProjectConfigurationPlatforms) = postSolution
		{73E79844-6FE0-458F-AA4A-29EC3FD1A1FB}.Debug|Any CPU.ActiveCfg = Debug|Any CPU
		{73E79844-6FE0-458F-AA4A-29EC3FD1A1FB}.Debug|Any CPU.Build.0 = Debug|Any CPU
		{73E79844-6FE0-458F-AA4A-29EC3FD1A1FB}.Debug|ARM64.ActiveCfg = Debug|Any CPU
		{73E79844-6FE0-458F-AA4A-29EC3FD1A1FB}.Debug|ARM64.Build.0 = Debug|Any CPU
		{73E79844-6FE0-458F-AA4A-29EC3FD1A1FB}.Debug|x64.ActiveCfg = Debug|Any CPU
		{73E79844-6FE0-458F-AA4A-29EC3FD1A1FB}.Debug|x64.Build.0 = Debug|Any CPU
		{73E79844-6FE0-458F-AA4A-29EC3FD1A1FB}.Debug|x86.ActiveCfg = Debug|Any CPU
		{73E79844-6FE0-458F-AA4A-29EC3FD1A1FB}.Debug|x86.Build.0 = Debug|Any CPU
		{73E79844-6FE0-458F-AA4A-29EC3FD1A1FB}.Release|Any CPU.ActiveCfg = Release|Any CPU
		{73E79844-6FE0-458F-AA4A-29EC3FD1A1FB}.Release|Any CPU.Build.0 = Release|Any CPU
		{73E79844-6FE0-458F-AA4A-29EC3FD1A1FB}.Release|ARM64.ActiveCfg = Release|Any CPU
		{73E79844-6FE0-458F-AA4A-29EC3FD1A1FB}.Release|ARM64.Build.0 = Release|Any CPU
		{73E79844-6FE0-458F-AA4A-29EC3FD1A1FB}.Release|x64.ActiveCfg = Release|Any CPU
		{73E79844-6FE0-458F-AA4A-29EC3FD1A1FB}.Release|x64.Build.0 = Release|Any CPU
		{73E79844-6FE0-458F-AA4A-29EC3FD1A1FB}.Release|x86.ActiveCfg = Release|Any CPU
		{73E79844-6FE0-458F-AA4A-29EC3FD1A1FB}.Release|x86.Build.0 = Release|Any CPU
		{0DB49705-4FE5-12F8-3BA1-B120F7EBE3D5}.Debug|Any CPU.ActiveCfg = Debug|Any CPU
		{0DB49705-4FE5-12F8-3BA1-B120F7EBE3D5}.Debug|Any CPU.Build.0 = Debug|Any CPU
		{0DB49705-4FE5-12F8-3BA1-B120F7EBE3D5}.Debug|ARM64.ActiveCfg = Debug|Any CPU
		{0DB49705-4FE5-12F8-3BA1-B120F7EBE3D5}.Debug|ARM64.Build.0 = Debug|Any CPU
		{0DB49705-4FE5-12F8-3BA1-B120F7EBE3D5}.Debug|x64.ActiveCfg = Debug|Any CPU
		{0DB49705-4FE5-12F8-3BA1-B120F7EBE3D5}.Debug|x64.Build.0 = Debug|Any CPU
		{0DB49705-4FE5-12F8-3BA1-B120F7EBE3D5}.Debug|x86.ActiveCfg = Debug|Any CPU
		{0DB49705-4FE5-12F8-3BA1-B120F7EBE3D5}.Debug|x86.Build.0 = Debug|Any CPU
		{0DB49705-4FE5-12F8-3BA1-B120F7EBE3D5}.Release|Any CPU.ActiveCfg = Release|Any CPU
		{0DB49705-4FE5-12F8-3BA1-B120F7EBE3D5}.Release|Any CPU.Build.0 = Release|Any CPU
		{0DB49705-4FE5-12F8-3BA1-B120F7EBE3D5}.Release|ARM64.ActiveCfg = Release|Any CPU
		{0DB49705-4FE5-12F8-3BA1-B120F7EBE3D5}.Release|ARM64.Build.0 = Release|Any CPU
		{0DB49705-4FE5-12F8-3BA1-B120F7EBE3D5}.Release|x64.ActiveCfg = Release|Any CPU
		{0DB49705-4FE5-12F8-3BA1-B120F7EBE3D5}.Release|x64.Build.0 = Release|Any CPU
		{0DB49705-4FE5-12F8-3BA1-B120F7EBE3D5}.Release|x86.ActiveCfg = Release|Any CPU
		{0DB49705-4FE5-12F8-3BA1-B120F7EBE3D5}.Release|x86.Build.0 = Release|Any CPU
		{3D5F7EFF-707D-470E-947D-E8DB27C0A2D0}.Debug|Any CPU.ActiveCfg = Debug|Any CPU
		{3D5F7EFF-707D-470E-947D-E8DB27C0A2D0}.Debug|Any CPU.Build.0 = Debug|Any CPU
		{3D5F7EFF-707D-470E-947D-E8DB27C0A2D0}.Debug|ARM64.ActiveCfg = Debug|Any CPU
		{3D5F7EFF-707D-470E-947D-E8DB27C0A2D0}.Debug|ARM64.Build.0 = Debug|Any CPU
		{3D5F7EFF-707D-470E-947D-E8DB27C0A2D0}.Debug|x64.ActiveCfg = Debug|Any CPU
		{3D5F7EFF-707D-470E-947D-E8DB27C0A2D0}.Debug|x64.Build.0 = Debug|Any CPU
		{3D5F7EFF-707D-470E-947D-E8DB27C0A2D0}.Debug|x86.ActiveCfg = Debug|Any CPU
		{3D5F7EFF-707D-470E-947D-E8DB27C0A2D0}.Debug|x86.Build.0 = Debug|Any CPU
		{3D5F7EFF-707D-470E-947D-E8DB27C0A2D0}.Release|Any CPU.ActiveCfg = Release|Any CPU
		{3D5F7EFF-707D-470E-947D-E8DB27C0A2D0}.Release|Any CPU.Build.0 = Release|Any CPU
		{3D5F7EFF-707D-470E-947D-E8DB27C0A2D0}.Release|ARM64.ActiveCfg = Release|Any CPU
		{3D5F7EFF-707D-470E-947D-E8DB27C0A2D0}.Release|ARM64.Build.0 = Release|Any CPU
		{3D5F7EFF-707D-470E-947D-E8DB27C0A2D0}.Release|x64.ActiveCfg = Release|Any CPU
		{3D5F7EFF-707D-470E-947D-E8DB27C0A2D0}.Release|x64.Build.0 = Release|Any CPU
		{3D5F7EFF-707D-470E-947D-E8DB27C0A2D0}.Release|x86.ActiveCfg = Release|Any CPU
		{3D5F7EFF-707D-470E-947D-E8DB27C0A2D0}.Release|x86.Build.0 = Release|Any CPU
		{A2A7D08F-E491-4C59-877F-959723E09F5F}.Debug|Any CPU.ActiveCfg = Debug|Any CPU
		{A2A7D08F-E491-4C59-877F-959723E09F5F}.Debug|Any CPU.Build.0 = Debug|Any CPU
		{A2A7D08F-E491-4C59-877F-959723E09F5F}.Debug|ARM64.ActiveCfg = Debug|Any CPU
		{A2A7D08F-E491-4C59-877F-959723E09F5F}.Debug|ARM64.Build.0 = Debug|Any CPU
		{A2A7D08F-E491-4C59-877F-959723E09F5F}.Debug|x64.ActiveCfg = Debug|Any CPU
		{A2A7D08F-E491-4C59-877F-959723E09F5F}.Debug|x64.Build.0 = Debug|Any CPU
		{A2A7D08F-E491-4C59-877F-959723E09F5F}.Debug|x86.ActiveCfg = Debug|Any CPU
		{A2A7D08F-E491-4C59-877F-959723E09F5F}.Debug|x86.Build.0 = Debug|Any CPU
		{A2A7D08F-E491-4C59-877F-959723E09F5F}.Release|Any CPU.ActiveCfg = Release|Any CPU
		{A2A7D08F-E491-4C59-877F-959723E09F5F}.Release|Any CPU.Build.0 = Release|Any CPU
		{A2A7D08F-E491-4C59-877F-959723E09F5F}.Release|ARM64.ActiveCfg = Release|Any CPU
		{A2A7D08F-E491-4C59-877F-959723E09F5F}.Release|ARM64.Build.0 = Release|Any CPU
		{A2A7D08F-E491-4C59-877F-959723E09F5F}.Release|x64.ActiveCfg = Release|Any CPU
		{A2A7D08F-E491-4C59-877F-959723E09F5F}.Release|x64.Build.0 = Release|Any CPU
		{A2A7D08F-E491-4C59-877F-959723E09F5F}.Release|x86.ActiveCfg = Release|Any CPU
		{A2A7D08F-E491-4C59-877F-959723E09F5F}.Release|x86.Build.0 = Release|Any CPU
		{D1665756-555D-62C3-6227-C28673E436A3}.Debug|Any CPU.ActiveCfg = Debug|Any CPU
		{D1665756-555D-62C3-6227-C28673E436A3}.Debug|Any CPU.Build.0 = Debug|Any CPU
		{D1665756-555D-62C3-6227-C28673E436A3}.Debug|ARM64.ActiveCfg = Debug|Any CPU
		{D1665756-555D-62C3-6227-C28673E436A3}.Debug|ARM64.Build.0 = Debug|Any CPU
		{D1665756-555D-62C3-6227-C28673E436A3}.Debug|x64.ActiveCfg = Debug|Any CPU
		{D1665756-555D-62C3-6227-C28673E436A3}.Debug|x64.Build.0 = Debug|Any CPU
		{D1665756-555D-62C3-6227-C28673E436A3}.Debug|x86.ActiveCfg = Debug|Any CPU
		{D1665756-555D-62C3-6227-C28673E436A3}.Debug|x86.Build.0 = Debug|Any CPU
		{D1665756-555D-62C3-6227-C28673E436A3}.Release|Any CPU.ActiveCfg = Release|Any CPU
		{D1665756-555D-62C3-6227-C28673E436A3}.Release|Any CPU.Build.0 = Release|Any CPU
		{D1665756-555D-62C3-6227-C28673E436A3}.Release|ARM64.ActiveCfg = Release|Any CPU
		{D1665756-555D-62C3-6227-C28673E436A3}.Release|ARM64.Build.0 = Release|Any CPU
		{D1665756-555D-62C3-6227-C28673E436A3}.Release|x64.ActiveCfg = Release|Any CPU
		{D1665756-555D-62C3-6227-C28673E436A3}.Release|x64.Build.0 = Release|Any CPU
		{D1665756-555D-62C3-6227-C28673E436A3}.Release|x86.ActiveCfg = Release|Any CPU
		{D1665756-555D-62C3-6227-C28673E436A3}.Release|x86.Build.0 = Release|Any CPU
		{73011683-F1A5-4EC0-8D3D-993411B9DCFE}.Debug|Any CPU.ActiveCfg = Debug|Any CPU
		{73011683-F1A5-4EC0-8D3D-993411B9DCFE}.Debug|Any CPU.Build.0 = Debug|Any CPU
		{73011683-F1A5-4EC0-8D3D-993411B9DCFE}.Debug|ARM64.ActiveCfg = Debug|Any CPU
		{73011683-F1A5-4EC0-8D3D-993411B9DCFE}.Debug|ARM64.Build.0 = Debug|Any CPU
		{73011683-F1A5-4EC0-8D3D-993411B9DCFE}.Debug|x64.ActiveCfg = Debug|Any CPU
		{73011683-F1A5-4EC0-8D3D-993411B9DCFE}.Debug|x64.Build.0 = Debug|Any CPU
		{73011683-F1A5-4EC0-8D3D-993411B9DCFE}.Debug|x86.ActiveCfg = Debug|Any CPU
		{73011683-F1A5-4EC0-8D3D-993411B9DCFE}.Debug|x86.Build.0 = Debug|Any CPU
		{73011683-F1A5-4EC0-8D3D-993411B9DCFE}.Release|Any CPU.ActiveCfg = Release|Any CPU
		{73011683-F1A5-4EC0-8D3D-993411B9DCFE}.Release|Any CPU.Build.0 = Release|Any CPU
		{73011683-F1A5-4EC0-8D3D-993411B9DCFE}.Release|ARM64.ActiveCfg = Release|Any CPU
		{73011683-F1A5-4EC0-8D3D-993411B9DCFE}.Release|ARM64.Build.0 = Release|Any CPU
		{73011683-F1A5-4EC0-8D3D-993411B9DCFE}.Release|x64.ActiveCfg = Release|Any CPU
		{73011683-F1A5-4EC0-8D3D-993411B9DCFE}.Release|x64.Build.0 = Release|Any CPU
		{73011683-F1A5-4EC0-8D3D-993411B9DCFE}.Release|x86.ActiveCfg = Release|Any CPU
		{73011683-F1A5-4EC0-8D3D-993411B9DCFE}.Release|x86.Build.0 = Release|Any CPU
		{C6D04DA5-16EB-42D7-9D19-739D1E05F408}.Debug|Any CPU.ActiveCfg = Debug|Any CPU
		{C6D04DA5-16EB-42D7-9D19-739D1E05F408}.Debug|Any CPU.Build.0 = Debug|Any CPU
		{C6D04DA5-16EB-42D7-9D19-739D1E05F408}.Debug|ARM64.ActiveCfg = Debug|Any CPU
		{C6D04DA5-16EB-42D7-9D19-739D1E05F408}.Debug|ARM64.Build.0 = Debug|Any CPU
		{C6D04DA5-16EB-42D7-9D19-739D1E05F408}.Debug|x64.ActiveCfg = Debug|Any CPU
		{C6D04DA5-16EB-42D7-9D19-739D1E05F408}.Debug|x64.Build.0 = Debug|Any CPU
		{C6D04DA5-16EB-42D7-9D19-739D1E05F408}.Debug|x86.ActiveCfg = Debug|Any CPU
		{C6D04DA5-16EB-42D7-9D19-739D1E05F408}.Debug|x86.Build.0 = Debug|Any CPU
		{C6D04DA5-16EB-42D7-9D19-739D1E05F408}.Release|Any CPU.ActiveCfg = Release|Any CPU
		{C6D04DA5-16EB-42D7-9D19-739D1E05F408}.Release|Any CPU.Build.0 = Release|Any CPU
		{C6D04DA5-16EB-42D7-9D19-739D1E05F408}.Release|ARM64.ActiveCfg = Release|Any CPU
		{C6D04DA5-16EB-42D7-9D19-739D1E05F408}.Release|ARM64.Build.0 = Release|Any CPU
		{C6D04DA5-16EB-42D7-9D19-739D1E05F408}.Release|x64.ActiveCfg = Release|Any CPU
		{C6D04DA5-16EB-42D7-9D19-739D1E05F408}.Release|x64.Build.0 = Release|Any CPU
		{C6D04DA5-16EB-42D7-9D19-739D1E05F408}.Release|x86.ActiveCfg = Release|Any CPU
		{C6D04DA5-16EB-42D7-9D19-739D1E05F408}.Release|x86.Build.0 = Release|Any CPU
		{C432CC9A-BAF4-4785-868B-9D337D8513A2}.Debug|Any CPU.ActiveCfg = Debug|Any CPU
		{C432CC9A-BAF4-4785-868B-9D337D8513A2}.Debug|Any CPU.Build.0 = Debug|Any CPU
		{C432CC9A-BAF4-4785-868B-9D337D8513A2}.Debug|ARM64.ActiveCfg = Debug|Any CPU
		{C432CC9A-BAF4-4785-868B-9D337D8513A2}.Debug|ARM64.Build.0 = Debug|Any CPU
		{C432CC9A-BAF4-4785-868B-9D337D8513A2}.Debug|x64.ActiveCfg = Debug|Any CPU
		{C432CC9A-BAF4-4785-868B-9D337D8513A2}.Debug|x64.Build.0 = Debug|Any CPU
		{C432CC9A-BAF4-4785-868B-9D337D8513A2}.Debug|x86.ActiveCfg = Debug|Any CPU
		{C432CC9A-BAF4-4785-868B-9D337D8513A2}.Debug|x86.Build.0 = Debug|Any CPU
		{C432CC9A-BAF4-4785-868B-9D337D8513A2}.Release|Any CPU.ActiveCfg = Release|Any CPU
		{C432CC9A-BAF4-4785-868B-9D337D8513A2}.Release|Any CPU.Build.0 = Release|Any CPU
		{C432CC9A-BAF4-4785-868B-9D337D8513A2}.Release|ARM64.ActiveCfg = Release|Any CPU
		{C432CC9A-BAF4-4785-868B-9D337D8513A2}.Release|ARM64.Build.0 = Release|Any CPU
		{C432CC9A-BAF4-4785-868B-9D337D8513A2}.Release|x64.ActiveCfg = Release|Any CPU
		{C432CC9A-BAF4-4785-868B-9D337D8513A2}.Release|x64.Build.0 = Release|Any CPU
		{C432CC9A-BAF4-4785-868B-9D337D8513A2}.Release|x86.ActiveCfg = Release|Any CPU
		{C432CC9A-BAF4-4785-868B-9D337D8513A2}.Release|x86.Build.0 = Release|Any CPU
		{391CD7E2-A408-49DC-AAA1-5F9AD1100100}.Debug|Any CPU.ActiveCfg = Debug|Any CPU
		{391CD7E2-A408-49DC-AAA1-5F9AD1100100}.Debug|Any CPU.Build.0 = Debug|Any CPU
		{391CD7E2-A408-49DC-AAA1-5F9AD1100100}.Debug|ARM64.ActiveCfg = Debug|Any CPU
		{391CD7E2-A408-49DC-AAA1-5F9AD1100100}.Debug|ARM64.Build.0 = Debug|Any CPU
		{391CD7E2-A408-49DC-AAA1-5F9AD1100100}.Debug|x64.ActiveCfg = Debug|Any CPU
		{391CD7E2-A408-49DC-AAA1-5F9AD1100100}.Debug|x64.Build.0 = Debug|Any CPU
		{391CD7E2-A408-49DC-AAA1-5F9AD1100100}.Debug|x86.ActiveCfg = Debug|Any CPU
		{391CD7E2-A408-49DC-AAA1-5F9AD1100100}.Debug|x86.Build.0 = Debug|Any CPU
		{391CD7E2-A408-49DC-AAA1-5F9AD1100100}.Release|Any CPU.ActiveCfg = Release|Any CPU
		{391CD7E2-A408-49DC-AAA1-5F9AD1100100}.Release|Any CPU.Build.0 = Release|Any CPU
		{391CD7E2-A408-49DC-AAA1-5F9AD1100100}.Release|ARM64.ActiveCfg = Release|Any CPU
		{391CD7E2-A408-49DC-AAA1-5F9AD1100100}.Release|ARM64.Build.0 = Release|Any CPU
		{391CD7E2-A408-49DC-AAA1-5F9AD1100100}.Release|x64.ActiveCfg = Release|Any CPU
		{391CD7E2-A408-49DC-AAA1-5F9AD1100100}.Release|x64.Build.0 = Release|Any CPU
		{391CD7E2-A408-49DC-AAA1-5F9AD1100100}.Release|x86.ActiveCfg = Release|Any CPU
		{391CD7E2-A408-49DC-AAA1-5F9AD1100100}.Release|x86.Build.0 = Release|Any CPU
		{E208CC2B-5654-409C-8C61-FD6152A9E26F}.Debug|Any CPU.ActiveCfg = Debug|Any CPU
		{E208CC2B-5654-409C-8C61-FD6152A9E26F}.Debug|Any CPU.Build.0 = Debug|Any CPU
		{E208CC2B-5654-409C-8C61-FD6152A9E26F}.Debug|ARM64.ActiveCfg = Debug|Any CPU
		{E208CC2B-5654-409C-8C61-FD6152A9E26F}.Debug|ARM64.Build.0 = Debug|Any CPU
		{E208CC2B-5654-409C-8C61-FD6152A9E26F}.Debug|x64.ActiveCfg = Debug|Any CPU
		{E208CC2B-5654-409C-8C61-FD6152A9E26F}.Debug|x64.Build.0 = Debug|Any CPU
		{E208CC2B-5654-409C-8C61-FD6152A9E26F}.Debug|x86.ActiveCfg = Debug|Any CPU
		{E208CC2B-5654-409C-8C61-FD6152A9E26F}.Debug|x86.Build.0 = Debug|Any CPU
		{E208CC2B-5654-409C-8C61-FD6152A9E26F}.Release|Any CPU.ActiveCfg = Release|Any CPU
		{E208CC2B-5654-409C-8C61-FD6152A9E26F}.Release|Any CPU.Build.0 = Release|Any CPU
		{E208CC2B-5654-409C-8C61-FD6152A9E26F}.Release|ARM64.ActiveCfg = Release|Any CPU
		{E208CC2B-5654-409C-8C61-FD6152A9E26F}.Release|ARM64.Build.0 = Release|Any CPU
		{E208CC2B-5654-409C-8C61-FD6152A9E26F}.Release|x64.ActiveCfg = Release|Any CPU
		{E208CC2B-5654-409C-8C61-FD6152A9E26F}.Release|x64.Build.0 = Release|Any CPU
		{E208CC2B-5654-409C-8C61-FD6152A9E26F}.Release|x86.ActiveCfg = Release|Any CPU
		{E208CC2B-5654-409C-8C61-FD6152A9E26F}.Release|x86.Build.0 = Release|Any CPU
		{52F07E4D-8F0E-41BB-ACFE-DE56B50B50D2}.Debug|Any CPU.ActiveCfg = Debug|Any CPU
		{52F07E4D-8F0E-41BB-ACFE-DE56B50B50D2}.Debug|Any CPU.Build.0 = Debug|Any CPU
		{52F07E4D-8F0E-41BB-ACFE-DE56B50B50D2}.Debug|ARM64.ActiveCfg = Debug|Any CPU
		{52F07E4D-8F0E-41BB-ACFE-DE56B50B50D2}.Debug|ARM64.Build.0 = Debug|Any CPU
		{52F07E4D-8F0E-41BB-ACFE-DE56B50B50D2}.Debug|x64.ActiveCfg = Debug|Any CPU
		{52F07E4D-8F0E-41BB-ACFE-DE56B50B50D2}.Debug|x64.Build.0 = Debug|Any CPU
		{52F07E4D-8F0E-41BB-ACFE-DE56B50B50D2}.Debug|x86.ActiveCfg = Debug|Any CPU
		{52F07E4D-8F0E-41BB-ACFE-DE56B50B50D2}.Debug|x86.Build.0 = Debug|Any CPU
		{52F07E4D-8F0E-41BB-ACFE-DE56B50B50D2}.Release|Any CPU.ActiveCfg = Release|Any CPU
		{52F07E4D-8F0E-41BB-ACFE-DE56B50B50D2}.Release|Any CPU.Build.0 = Release|Any CPU
		{52F07E4D-8F0E-41BB-ACFE-DE56B50B50D2}.Release|ARM64.ActiveCfg = Release|Any CPU
		{52F07E4D-8F0E-41BB-ACFE-DE56B50B50D2}.Release|ARM64.Build.0 = Release|Any CPU
		{52F07E4D-8F0E-41BB-ACFE-DE56B50B50D2}.Release|x64.ActiveCfg = Release|Any CPU
		{52F07E4D-8F0E-41BB-ACFE-DE56B50B50D2}.Release|x64.Build.0 = Release|Any CPU
		{52F07E4D-8F0E-41BB-ACFE-DE56B50B50D2}.Release|x86.ActiveCfg = Release|Any CPU
		{52F07E4D-8F0E-41BB-ACFE-DE56B50B50D2}.Release|x86.Build.0 = Release|Any CPU
		{B4A59363-451A-4810-97CA-3269A1195385}.Debug|Any CPU.ActiveCfg = Debug|Any CPU
		{B4A59363-451A-4810-97CA-3269A1195385}.Debug|Any CPU.Build.0 = Debug|Any CPU
		{B4A59363-451A-4810-97CA-3269A1195385}.Debug|ARM64.ActiveCfg = Debug|Any CPU
		{B4A59363-451A-4810-97CA-3269A1195385}.Debug|ARM64.Build.0 = Debug|Any CPU
		{B4A59363-451A-4810-97CA-3269A1195385}.Debug|x64.ActiveCfg = Debug|Any CPU
		{B4A59363-451A-4810-97CA-3269A1195385}.Debug|x64.Build.0 = Debug|Any CPU
		{B4A59363-451A-4810-97CA-3269A1195385}.Debug|x86.ActiveCfg = Debug|Any CPU
		{B4A59363-451A-4810-97CA-3269A1195385}.Debug|x86.Build.0 = Debug|Any CPU
		{B4A59363-451A-4810-97CA-3269A1195385}.Release|Any CPU.ActiveCfg = Release|Any CPU
		{B4A59363-451A-4810-97CA-3269A1195385}.Release|Any CPU.Build.0 = Release|Any CPU
		{B4A59363-451A-4810-97CA-3269A1195385}.Release|ARM64.ActiveCfg = Release|Any CPU
		{B4A59363-451A-4810-97CA-3269A1195385}.Release|ARM64.Build.0 = Release|Any CPU
		{B4A59363-451A-4810-97CA-3269A1195385}.Release|x64.ActiveCfg = Release|Any CPU
		{B4A59363-451A-4810-97CA-3269A1195385}.Release|x64.Build.0 = Release|Any CPU
		{B4A59363-451A-4810-97CA-3269A1195385}.Release|x86.ActiveCfg = Release|Any CPU
		{B4A59363-451A-4810-97CA-3269A1195385}.Release|x86.Build.0 = Release|Any CPU
		{7981D357-2243-4943-FEFD-A2553751EBC7}.Debug|Any CPU.ActiveCfg = Debug|Any CPU
		{7981D357-2243-4943-FEFD-A2553751EBC7}.Debug|Any CPU.Build.0 = Debug|Any CPU
		{7981D357-2243-4943-FEFD-A2553751EBC7}.Debug|ARM64.ActiveCfg = Debug|Any CPU
		{7981D357-2243-4943-FEFD-A2553751EBC7}.Debug|ARM64.Build.0 = Debug|Any CPU
		{7981D357-2243-4943-FEFD-A2553751EBC7}.Debug|x64.ActiveCfg = Debug|Any CPU
		{7981D357-2243-4943-FEFD-A2553751EBC7}.Debug|x64.Build.0 = Debug|Any CPU
		{7981D357-2243-4943-FEFD-A2553751EBC7}.Debug|x86.ActiveCfg = Debug|Any CPU
		{7981D357-2243-4943-FEFD-A2553751EBC7}.Debug|x86.Build.0 = Debug|Any CPU
		{7981D357-2243-4943-FEFD-A2553751EBC7}.Release|Any CPU.ActiveCfg = Release|Any CPU
		{7981D357-2243-4943-FEFD-A2553751EBC7}.Release|Any CPU.Build.0 = Release|Any CPU
		{7981D357-2243-4943-FEFD-A2553751EBC7}.Release|ARM64.ActiveCfg = Release|Any CPU
		{7981D357-2243-4943-FEFD-A2553751EBC7}.Release|ARM64.Build.0 = Release|Any CPU
		{7981D357-2243-4943-FEFD-A2553751EBC7}.Release|x64.ActiveCfg = Release|Any CPU
		{7981D357-2243-4943-FEFD-A2553751EBC7}.Release|x64.Build.0 = Release|Any CPU
		{7981D357-2243-4943-FEFD-A2553751EBC7}.Release|x86.ActiveCfg = Release|Any CPU
		{7981D357-2243-4943-FEFD-A2553751EBC7}.Release|x86.Build.0 = Release|Any CPU
		{E76AC9EE-A221-4879-B372-54E35EEC0839}.Debug|Any CPU.ActiveCfg = Debug|Any CPU
		{E76AC9EE-A221-4879-B372-54E35EEC0839}.Debug|Any CPU.Build.0 = Debug|Any CPU
		{E76AC9EE-A221-4879-B372-54E35EEC0839}.Debug|ARM64.ActiveCfg = Debug|Any CPU
		{E76AC9EE-A221-4879-B372-54E35EEC0839}.Debug|ARM64.Build.0 = Debug|Any CPU
		{E76AC9EE-A221-4879-B372-54E35EEC0839}.Debug|x64.ActiveCfg = Debug|Any CPU
		{E76AC9EE-A221-4879-B372-54E35EEC0839}.Debug|x64.Build.0 = Debug|Any CPU
		{E76AC9EE-A221-4879-B372-54E35EEC0839}.Debug|x86.ActiveCfg = Debug|Any CPU
		{E76AC9EE-A221-4879-B372-54E35EEC0839}.Debug|x86.Build.0 = Debug|Any CPU
		{E76AC9EE-A221-4879-B372-54E35EEC0839}.Release|Any CPU.ActiveCfg = Release|Any CPU
		{E76AC9EE-A221-4879-B372-54E35EEC0839}.Release|Any CPU.Build.0 = Release|Any CPU
		{E76AC9EE-A221-4879-B372-54E35EEC0839}.Release|ARM64.ActiveCfg = Release|Any CPU
		{E76AC9EE-A221-4879-B372-54E35EEC0839}.Release|ARM64.Build.0 = Release|Any CPU
		{E76AC9EE-A221-4879-B372-54E35EEC0839}.Release|x64.ActiveCfg = Release|Any CPU
		{E76AC9EE-A221-4879-B372-54E35EEC0839}.Release|x64.Build.0 = Release|Any CPU
		{E76AC9EE-A221-4879-B372-54E35EEC0839}.Release|x86.ActiveCfg = Release|Any CPU
		{E76AC9EE-A221-4879-B372-54E35EEC0839}.Release|x86.Build.0 = Release|Any CPU
		{0DD9675A-0E8C-D6A3-7BF2-9B59EF62A53F}.Debug|Any CPU.ActiveCfg = Debug|Any CPU
		{0DD9675A-0E8C-D6A3-7BF2-9B59EF62A53F}.Debug|Any CPU.Build.0 = Debug|Any CPU
		{0DD9675A-0E8C-D6A3-7BF2-9B59EF62A53F}.Debug|ARM64.ActiveCfg = Debug|Any CPU
		{0DD9675A-0E8C-D6A3-7BF2-9B59EF62A53F}.Debug|ARM64.Build.0 = Debug|Any CPU
		{0DD9675A-0E8C-D6A3-7BF2-9B59EF62A53F}.Debug|x64.ActiveCfg = Debug|Any CPU
		{0DD9675A-0E8C-D6A3-7BF2-9B59EF62A53F}.Debug|x64.Build.0 = Debug|Any CPU
		{0DD9675A-0E8C-D6A3-7BF2-9B59EF62A53F}.Debug|x86.ActiveCfg = Debug|Any CPU
		{0DD9675A-0E8C-D6A3-7BF2-9B59EF62A53F}.Debug|x86.Build.0 = Debug|Any CPU
		{0DD9675A-0E8C-D6A3-7BF2-9B59EF62A53F}.Release|Any CPU.ActiveCfg = Release|Any CPU
		{0DD9675A-0E8C-D6A3-7BF2-9B59EF62A53F}.Release|Any CPU.Build.0 = Release|Any CPU
		{0DD9675A-0E8C-D6A3-7BF2-9B59EF62A53F}.Release|ARM64.ActiveCfg = Release|Any CPU
		{0DD9675A-0E8C-D6A3-7BF2-9B59EF62A53F}.Release|ARM64.Build.0 = Release|Any CPU
		{0DD9675A-0E8C-D6A3-7BF2-9B59EF62A53F}.Release|x64.ActiveCfg = Release|Any CPU
		{0DD9675A-0E8C-D6A3-7BF2-9B59EF62A53F}.Release|x64.Build.0 = Release|Any CPU
		{0DD9675A-0E8C-D6A3-7BF2-9B59EF62A53F}.Release|x86.ActiveCfg = Release|Any CPU
		{0DD9675A-0E8C-D6A3-7BF2-9B59EF62A53F}.Release|x86.Build.0 = Release|Any CPU
		{373A1B00-67B8-243A-BACC-8C7973A06E2B}.Debug|Any CPU.ActiveCfg = Debug|Any CPU
		{373A1B00-67B8-243A-BACC-8C7973A06E2B}.Debug|Any CPU.Build.0 = Debug|Any CPU
		{373A1B00-67B8-243A-BACC-8C7973A06E2B}.Debug|ARM64.ActiveCfg = Debug|Any CPU
		{373A1B00-67B8-243A-BACC-8C7973A06E2B}.Debug|ARM64.Build.0 = Debug|Any CPU
		{373A1B00-67B8-243A-BACC-8C7973A06E2B}.Debug|x64.ActiveCfg = Debug|Any CPU
		{373A1B00-67B8-243A-BACC-8C7973A06E2B}.Debug|x64.Build.0 = Debug|Any CPU
		{373A1B00-67B8-243A-BACC-8C7973A06E2B}.Debug|x86.ActiveCfg = Debug|Any CPU
		{373A1B00-67B8-243A-BACC-8C7973A06E2B}.Debug|x86.Build.0 = Debug|Any CPU
		{373A1B00-67B8-243A-BACC-8C7973A06E2B}.Release|Any CPU.ActiveCfg = Release|Any CPU
		{373A1B00-67B8-243A-BACC-8C7973A06E2B}.Release|Any CPU.Build.0 = Release|Any CPU
		{373A1B00-67B8-243A-BACC-8C7973A06E2B}.Release|ARM64.ActiveCfg = Release|Any CPU
		{373A1B00-67B8-243A-BACC-8C7973A06E2B}.Release|ARM64.Build.0 = Release|Any CPU
		{373A1B00-67B8-243A-BACC-8C7973A06E2B}.Release|x64.ActiveCfg = Release|Any CPU
		{373A1B00-67B8-243A-BACC-8C7973A06E2B}.Release|x64.Build.0 = Release|Any CPU
		{373A1B00-67B8-243A-BACC-8C7973A06E2B}.Release|x86.ActiveCfg = Release|Any CPU
		{373A1B00-67B8-243A-BACC-8C7973A06E2B}.Release|x86.Build.0 = Release|Any CPU
		{D2666FC0-409C-41DF-8453-C2172B6B2F73}.Debug|Any CPU.ActiveCfg = Debug|Any CPU
		{D2666FC0-409C-41DF-8453-C2172B6B2F73}.Debug|Any CPU.Build.0 = Debug|Any CPU
		{D2666FC0-409C-41DF-8453-C2172B6B2F73}.Debug|ARM64.ActiveCfg = Debug|Any CPU
		{D2666FC0-409C-41DF-8453-C2172B6B2F73}.Debug|ARM64.Build.0 = Debug|Any CPU
		{D2666FC0-409C-41DF-8453-C2172B6B2F73}.Debug|x64.ActiveCfg = Debug|Any CPU
		{D2666FC0-409C-41DF-8453-C2172B6B2F73}.Debug|x64.Build.0 = Debug|Any CPU
		{D2666FC0-409C-41DF-8453-C2172B6B2F73}.Debug|x86.ActiveCfg = Debug|Any CPU
		{D2666FC0-409C-41DF-8453-C2172B6B2F73}.Debug|x86.Build.0 = Debug|Any CPU
		{D2666FC0-409C-41DF-8453-C2172B6B2F73}.Release|Any CPU.ActiveCfg = Release|Any CPU
		{D2666FC0-409C-41DF-8453-C2172B6B2F73}.Release|Any CPU.Build.0 = Release|Any CPU
		{D2666FC0-409C-41DF-8453-C2172B6B2F73}.Release|ARM64.ActiveCfg = Release|Any CPU
		{D2666FC0-409C-41DF-8453-C2172B6B2F73}.Release|ARM64.Build.0 = Release|Any CPU
		{D2666FC0-409C-41DF-8453-C2172B6B2F73}.Release|x64.ActiveCfg = Release|Any CPU
		{D2666FC0-409C-41DF-8453-C2172B6B2F73}.Release|x64.Build.0 = Release|Any CPU
		{D2666FC0-409C-41DF-8453-C2172B6B2F73}.Release|x86.ActiveCfg = Release|Any CPU
		{D2666FC0-409C-41DF-8453-C2172B6B2F73}.Release|x86.Build.0 = Release|Any CPU
		{7FFBFECC-E253-4533-BD1B-BA8FF34B0C67}.Debug|Any CPU.ActiveCfg = Debug|Any CPU
		{7FFBFECC-E253-4533-BD1B-BA8FF34B0C67}.Debug|Any CPU.Build.0 = Debug|Any CPU
		{7FFBFECC-E253-4533-BD1B-BA8FF34B0C67}.Debug|ARM64.ActiveCfg = Debug|Any CPU
		{7FFBFECC-E253-4533-BD1B-BA8FF34B0C67}.Debug|ARM64.Build.0 = Debug|Any CPU
		{7FFBFECC-E253-4533-BD1B-BA8FF34B0C67}.Debug|x64.ActiveCfg = Debug|Any CPU
		{7FFBFECC-E253-4533-BD1B-BA8FF34B0C67}.Debug|x64.Build.0 = Debug|Any CPU
		{7FFBFECC-E253-4533-BD1B-BA8FF34B0C67}.Debug|x86.ActiveCfg = Debug|Any CPU
		{7FFBFECC-E253-4533-BD1B-BA8FF34B0C67}.Debug|x86.Build.0 = Debug|Any CPU
		{7FFBFECC-E253-4533-BD1B-BA8FF34B0C67}.Release|Any CPU.ActiveCfg = Release|Any CPU
		{7FFBFECC-E253-4533-BD1B-BA8FF34B0C67}.Release|Any CPU.Build.0 = Release|Any CPU
		{7FFBFECC-E253-4533-BD1B-BA8FF34B0C67}.Release|ARM64.ActiveCfg = Release|Any CPU
		{7FFBFECC-E253-4533-BD1B-BA8FF34B0C67}.Release|ARM64.Build.0 = Release|Any CPU
		{7FFBFECC-E253-4533-BD1B-BA8FF34B0C67}.Release|x64.ActiveCfg = Release|Any CPU
		{7FFBFECC-E253-4533-BD1B-BA8FF34B0C67}.Release|x64.Build.0 = Release|Any CPU
		{7FFBFECC-E253-4533-BD1B-BA8FF34B0C67}.Release|x86.ActiveCfg = Release|Any CPU
		{7FFBFECC-E253-4533-BD1B-BA8FF34B0C67}.Release|x86.Build.0 = Release|Any CPU
		{CB9E0DBC-ECC9-4E85-9C2C-5B4EEA34A831}.Debug|Any CPU.ActiveCfg = Debug|Any CPU
		{CB9E0DBC-ECC9-4E85-9C2C-5B4EEA34A831}.Debug|Any CPU.Build.0 = Debug|Any CPU
		{CB9E0DBC-ECC9-4E85-9C2C-5B4EEA34A831}.Debug|ARM64.ActiveCfg = Debug|Any CPU
		{CB9E0DBC-ECC9-4E85-9C2C-5B4EEA34A831}.Debug|ARM64.Build.0 = Debug|Any CPU
		{CB9E0DBC-ECC9-4E85-9C2C-5B4EEA34A831}.Debug|x64.ActiveCfg = Debug|Any CPU
		{CB9E0DBC-ECC9-4E85-9C2C-5B4EEA34A831}.Debug|x64.Build.0 = Debug|Any CPU
		{CB9E0DBC-ECC9-4E85-9C2C-5B4EEA34A831}.Debug|x86.ActiveCfg = Debug|Any CPU
		{CB9E0DBC-ECC9-4E85-9C2C-5B4EEA34A831}.Debug|x86.Build.0 = Debug|Any CPU
		{CB9E0DBC-ECC9-4E85-9C2C-5B4EEA34A831}.Release|Any CPU.ActiveCfg = Release|Any CPU
		{CB9E0DBC-ECC9-4E85-9C2C-5B4EEA34A831}.Release|Any CPU.Build.0 = Release|Any CPU
		{CB9E0DBC-ECC9-4E85-9C2C-5B4EEA34A831}.Release|ARM64.ActiveCfg = Release|Any CPU
		{CB9E0DBC-ECC9-4E85-9C2C-5B4EEA34A831}.Release|ARM64.Build.0 = Release|Any CPU
		{CB9E0DBC-ECC9-4E85-9C2C-5B4EEA34A831}.Release|x64.ActiveCfg = Release|Any CPU
		{CB9E0DBC-ECC9-4E85-9C2C-5B4EEA34A831}.Release|x64.Build.0 = Release|Any CPU
		{CB9E0DBC-ECC9-4E85-9C2C-5B4EEA34A831}.Release|x86.ActiveCfg = Release|Any CPU
		{CB9E0DBC-ECC9-4E85-9C2C-5B4EEA34A831}.Release|x86.Build.0 = Release|Any CPU
		{2BFA8AC3-61F2-4942-B004-DBA3F4D6EFE8}.Debug|Any CPU.ActiveCfg = Debug|Any CPU
		{2BFA8AC3-61F2-4942-B004-DBA3F4D6EFE8}.Debug|Any CPU.Build.0 = Debug|Any CPU
		{2BFA8AC3-61F2-4942-B004-DBA3F4D6EFE8}.Debug|ARM64.ActiveCfg = Debug|Any CPU
		{2BFA8AC3-61F2-4942-B004-DBA3F4D6EFE8}.Debug|ARM64.Build.0 = Debug|Any CPU
		{2BFA8AC3-61F2-4942-B004-DBA3F4D6EFE8}.Debug|x64.ActiveCfg = Debug|Any CPU
		{2BFA8AC3-61F2-4942-B004-DBA3F4D6EFE8}.Debug|x64.Build.0 = Debug|Any CPU
		{2BFA8AC3-61F2-4942-B004-DBA3F4D6EFE8}.Debug|x86.ActiveCfg = Debug|Any CPU
		{2BFA8AC3-61F2-4942-B004-DBA3F4D6EFE8}.Debug|x86.Build.0 = Debug|Any CPU
		{2BFA8AC3-61F2-4942-B004-DBA3F4D6EFE8}.Release|Any CPU.ActiveCfg = Release|Any CPU
		{2BFA8AC3-61F2-4942-B004-DBA3F4D6EFE8}.Release|Any CPU.Build.0 = Release|Any CPU
		{2BFA8AC3-61F2-4942-B004-DBA3F4D6EFE8}.Release|ARM64.ActiveCfg = Release|Any CPU
		{2BFA8AC3-61F2-4942-B004-DBA3F4D6EFE8}.Release|ARM64.Build.0 = Release|Any CPU
		{2BFA8AC3-61F2-4942-B004-DBA3F4D6EFE8}.Release|x64.ActiveCfg = Release|Any CPU
		{2BFA8AC3-61F2-4942-B004-DBA3F4D6EFE8}.Release|x64.Build.0 = Release|Any CPU
		{2BFA8AC3-61F2-4942-B004-DBA3F4D6EFE8}.Release|x86.ActiveCfg = Release|Any CPU
		{2BFA8AC3-61F2-4942-B004-DBA3F4D6EFE8}.Release|x86.Build.0 = Release|Any CPU
		{5E455398-6EFB-4195-BDEF-07B3055C0470}.Debug|Any CPU.ActiveCfg = Debug|Any CPU
		{5E455398-6EFB-4195-BDEF-07B3055C0470}.Debug|Any CPU.Build.0 = Debug|Any CPU
		{5E455398-6EFB-4195-BDEF-07B3055C0470}.Debug|ARM64.ActiveCfg = Debug|Any CPU
		{5E455398-6EFB-4195-BDEF-07B3055C0470}.Debug|ARM64.Build.0 = Debug|Any CPU
		{5E455398-6EFB-4195-BDEF-07B3055C0470}.Debug|x64.ActiveCfg = Debug|Any CPU
		{5E455398-6EFB-4195-BDEF-07B3055C0470}.Debug|x64.Build.0 = Debug|Any CPU
		{5E455398-6EFB-4195-BDEF-07B3055C0470}.Debug|x86.ActiveCfg = Debug|Any CPU
		{5E455398-6EFB-4195-BDEF-07B3055C0470}.Debug|x86.Build.0 = Debug|Any CPU
		{5E455398-6EFB-4195-BDEF-07B3055C0470}.Release|Any CPU.ActiveCfg = Release|Any CPU
		{5E455398-6EFB-4195-BDEF-07B3055C0470}.Release|Any CPU.Build.0 = Release|Any CPU
		{5E455398-6EFB-4195-BDEF-07B3055C0470}.Release|ARM64.ActiveCfg = Release|Any CPU
		{5E455398-6EFB-4195-BDEF-07B3055C0470}.Release|ARM64.Build.0 = Release|Any CPU
		{5E455398-6EFB-4195-BDEF-07B3055C0470}.Release|x64.ActiveCfg = Release|Any CPU
		{5E455398-6EFB-4195-BDEF-07B3055C0470}.Release|x64.Build.0 = Release|Any CPU
		{5E455398-6EFB-4195-BDEF-07B3055C0470}.Release|x86.ActiveCfg = Release|Any CPU
		{5E455398-6EFB-4195-BDEF-07B3055C0470}.Release|x86.Build.0 = Release|Any CPU
		{C86FD2A7-DE25-4DE8-9C07-513525B877A8}.Debug|Any CPU.ActiveCfg = Debug|Any CPU
		{C86FD2A7-DE25-4DE8-9C07-513525B877A8}.Debug|Any CPU.Build.0 = Debug|Any CPU
		{C86FD2A7-DE25-4DE8-9C07-513525B877A8}.Debug|ARM64.ActiveCfg = Debug|Any CPU
		{C86FD2A7-DE25-4DE8-9C07-513525B877A8}.Debug|ARM64.Build.0 = Debug|Any CPU
		{C86FD2A7-DE25-4DE8-9C07-513525B877A8}.Debug|x64.ActiveCfg = Debug|Any CPU
		{C86FD2A7-DE25-4DE8-9C07-513525B877A8}.Debug|x64.Build.0 = Debug|Any CPU
		{C86FD2A7-DE25-4DE8-9C07-513525B877A8}.Debug|x86.ActiveCfg = Debug|Any CPU
		{C86FD2A7-DE25-4DE8-9C07-513525B877A8}.Debug|x86.Build.0 = Debug|Any CPU
		{C86FD2A7-DE25-4DE8-9C07-513525B877A8}.Release|Any CPU.ActiveCfg = Release|Any CPU
		{C86FD2A7-DE25-4DE8-9C07-513525B877A8}.Release|Any CPU.Build.0 = Release|Any CPU
		{C86FD2A7-DE25-4DE8-9C07-513525B877A8}.Release|ARM64.ActiveCfg = Release|Any CPU
		{C86FD2A7-DE25-4DE8-9C07-513525B877A8}.Release|ARM64.Build.0 = Release|Any CPU
		{C86FD2A7-DE25-4DE8-9C07-513525B877A8}.Release|x64.ActiveCfg = Release|Any CPU
		{C86FD2A7-DE25-4DE8-9C07-513525B877A8}.Release|x64.Build.0 = Release|Any CPU
		{C86FD2A7-DE25-4DE8-9C07-513525B877A8}.Release|x86.ActiveCfg = Release|Any CPU
		{C86FD2A7-DE25-4DE8-9C07-513525B877A8}.Release|x86.Build.0 = Release|Any CPU
		{8D1AD769-2CB1-42DC-A5D5-D0D9C6D23C32}.Debug|Any CPU.ActiveCfg = Debug|Any CPU
		{8D1AD769-2CB1-42DC-A5D5-D0D9C6D23C32}.Debug|Any CPU.Build.0 = Debug|Any CPU
		{8D1AD769-2CB1-42DC-A5D5-D0D9C6D23C32}.Debug|ARM64.ActiveCfg = Debug|Any CPU
		{8D1AD769-2CB1-42DC-A5D5-D0D9C6D23C32}.Debug|ARM64.Build.0 = Debug|Any CPU
		{8D1AD769-2CB1-42DC-A5D5-D0D9C6D23C32}.Debug|x64.ActiveCfg = Debug|Any CPU
		{8D1AD769-2CB1-42DC-A5D5-D0D9C6D23C32}.Debug|x64.Build.0 = Debug|Any CPU
		{8D1AD769-2CB1-42DC-A5D5-D0D9C6D23C32}.Debug|x86.ActiveCfg = Debug|Any CPU
		{8D1AD769-2CB1-42DC-A5D5-D0D9C6D23C32}.Debug|x86.Build.0 = Debug|Any CPU
		{8D1AD769-2CB1-42DC-A5D5-D0D9C6D23C32}.Release|Any CPU.ActiveCfg = Release|Any CPU
		{8D1AD769-2CB1-42DC-A5D5-D0D9C6D23C32}.Release|Any CPU.Build.0 = Release|Any CPU
		{8D1AD769-2CB1-42DC-A5D5-D0D9C6D23C32}.Release|ARM64.ActiveCfg = Release|Any CPU
		{8D1AD769-2CB1-42DC-A5D5-D0D9C6D23C32}.Release|ARM64.Build.0 = Release|Any CPU
		{8D1AD769-2CB1-42DC-A5D5-D0D9C6D23C32}.Release|x64.ActiveCfg = Release|Any CPU
		{8D1AD769-2CB1-42DC-A5D5-D0D9C6D23C32}.Release|x64.Build.0 = Release|Any CPU
		{8D1AD769-2CB1-42DC-A5D5-D0D9C6D23C32}.Release|x86.ActiveCfg = Release|Any CPU
		{8D1AD769-2CB1-42DC-A5D5-D0D9C6D23C32}.Release|x86.Build.0 = Release|Any CPU
		{354FAF78-997F-40E1-B8E9-883779C99E73}.Debug|Any CPU.ActiveCfg = Debug|Any CPU
		{354FAF78-997F-40E1-B8E9-883779C99E73}.Debug|Any CPU.Build.0 = Debug|Any CPU
		{354FAF78-997F-40E1-B8E9-883779C99E73}.Debug|ARM64.ActiveCfg = Debug|Any CPU
		{354FAF78-997F-40E1-B8E9-883779C99E73}.Debug|ARM64.Build.0 = Debug|Any CPU
		{354FAF78-997F-40E1-B8E9-883779C99E73}.Debug|x64.ActiveCfg = Debug|Any CPU
		{354FAF78-997F-40E1-B8E9-883779C99E73}.Debug|x64.Build.0 = Debug|Any CPU
		{354FAF78-997F-40E1-B8E9-883779C99E73}.Debug|x86.ActiveCfg = Debug|Any CPU
		{354FAF78-997F-40E1-B8E9-883779C99E73}.Debug|x86.Build.0 = Debug|Any CPU
		{354FAF78-997F-40E1-B8E9-883779C99E73}.Release|Any CPU.ActiveCfg = Release|Any CPU
		{354FAF78-997F-40E1-B8E9-883779C99E73}.Release|Any CPU.Build.0 = Release|Any CPU
		{354FAF78-997F-40E1-B8E9-883779C99E73}.Release|ARM64.ActiveCfg = Release|Any CPU
		{354FAF78-997F-40E1-B8E9-883779C99E73}.Release|ARM64.Build.0 = Release|Any CPU
		{354FAF78-997F-40E1-B8E9-883779C99E73}.Release|x64.ActiveCfg = Release|Any CPU
		{354FAF78-997F-40E1-B8E9-883779C99E73}.Release|x64.Build.0 = Release|Any CPU
		{354FAF78-997F-40E1-B8E9-883779C99E73}.Release|x86.ActiveCfg = Release|Any CPU
		{354FAF78-997F-40E1-B8E9-883779C99E73}.Release|x86.Build.0 = Release|Any CPU
		{BFAD29E0-18DF-03BA-C4E1-74C8FFC629C9}.Debug|Any CPU.ActiveCfg = Debug|Any CPU
		{BFAD29E0-18DF-03BA-C4E1-74C8FFC629C9}.Debug|Any CPU.Build.0 = Debug|Any CPU
		{BFAD29E0-18DF-03BA-C4E1-74C8FFC629C9}.Debug|ARM64.ActiveCfg = Debug|Any CPU
		{BFAD29E0-18DF-03BA-C4E1-74C8FFC629C9}.Debug|ARM64.Build.0 = Debug|Any CPU
		{BFAD29E0-18DF-03BA-C4E1-74C8FFC629C9}.Debug|x64.ActiveCfg = Debug|Any CPU
		{BFAD29E0-18DF-03BA-C4E1-74C8FFC629C9}.Debug|x64.Build.0 = Debug|Any CPU
		{BFAD29E0-18DF-03BA-C4E1-74C8FFC629C9}.Debug|x86.ActiveCfg = Debug|Any CPU
		{BFAD29E0-18DF-03BA-C4E1-74C8FFC629C9}.Debug|x86.Build.0 = Debug|Any CPU
		{BFAD29E0-18DF-03BA-C4E1-74C8FFC629C9}.Release|Any CPU.ActiveCfg = Release|Any CPU
		{BFAD29E0-18DF-03BA-C4E1-74C8FFC629C9}.Release|Any CPU.Build.0 = Release|Any CPU
		{BFAD29E0-18DF-03BA-C4E1-74C8FFC629C9}.Release|ARM64.ActiveCfg = Release|Any CPU
		{BFAD29E0-18DF-03BA-C4E1-74C8FFC629C9}.Release|ARM64.Build.0 = Release|Any CPU
		{BFAD29E0-18DF-03BA-C4E1-74C8FFC629C9}.Release|x64.ActiveCfg = Release|Any CPU
		{BFAD29E0-18DF-03BA-C4E1-74C8FFC629C9}.Release|x64.Build.0 = Release|Any CPU
		{BFAD29E0-18DF-03BA-C4E1-74C8FFC629C9}.Release|x86.ActiveCfg = Release|Any CPU
		{BFAD29E0-18DF-03BA-C4E1-74C8FFC629C9}.Release|x86.Build.0 = Release|Any CPU
		{B365BDE9-AEAE-C7A0-BF7B-FAA263A23392}.Debug|Any CPU.ActiveCfg = Debug|Any CPU
		{B365BDE9-AEAE-C7A0-BF7B-FAA263A23392}.Debug|Any CPU.Build.0 = Debug|Any CPU
		{B365BDE9-AEAE-C7A0-BF7B-FAA263A23392}.Debug|ARM64.ActiveCfg = Debug|Any CPU
		{B365BDE9-AEAE-C7A0-BF7B-FAA263A23392}.Debug|ARM64.Build.0 = Debug|Any CPU
		{B365BDE9-AEAE-C7A0-BF7B-FAA263A23392}.Debug|x64.ActiveCfg = Debug|Any CPU
		{B365BDE9-AEAE-C7A0-BF7B-FAA263A23392}.Debug|x64.Build.0 = Debug|Any CPU
		{B365BDE9-AEAE-C7A0-BF7B-FAA263A23392}.Debug|x86.ActiveCfg = Debug|Any CPU
		{B365BDE9-AEAE-C7A0-BF7B-FAA263A23392}.Debug|x86.Build.0 = Debug|Any CPU
		{B365BDE9-AEAE-C7A0-BF7B-FAA263A23392}.Release|Any CPU.ActiveCfg = Release|Any CPU
		{B365BDE9-AEAE-C7A0-BF7B-FAA263A23392}.Release|Any CPU.Build.0 = Release|Any CPU
		{B365BDE9-AEAE-C7A0-BF7B-FAA263A23392}.Release|ARM64.ActiveCfg = Release|Any CPU
		{B365BDE9-AEAE-C7A0-BF7B-FAA263A23392}.Release|ARM64.Build.0 = Release|Any CPU
		{B365BDE9-AEAE-C7A0-BF7B-FAA263A23392}.Release|x64.ActiveCfg = Release|Any CPU
		{B365BDE9-AEAE-C7A0-BF7B-FAA263A23392}.Release|x64.Build.0 = Release|Any CPU
		{B365BDE9-AEAE-C7A0-BF7B-FAA263A23392}.Release|x86.ActiveCfg = Release|Any CPU
		{B365BDE9-AEAE-C7A0-BF7B-FAA263A23392}.Release|x86.Build.0 = Release|Any CPU
		{03A18A5B-1AF5-8986-D345-7CDCAB7EFD8E}.Debug|Any CPU.ActiveCfg = Debug|Any CPU
		{03A18A5B-1AF5-8986-D345-7CDCAB7EFD8E}.Debug|Any CPU.Build.0 = Debug|Any CPU
		{03A18A5B-1AF5-8986-D345-7CDCAB7EFD8E}.Debug|ARM64.ActiveCfg = Debug|Any CPU
		{03A18A5B-1AF5-8986-D345-7CDCAB7EFD8E}.Debug|ARM64.Build.0 = Debug|Any CPU
		{03A18A5B-1AF5-8986-D345-7CDCAB7EFD8E}.Debug|x64.ActiveCfg = Debug|Any CPU
		{03A18A5B-1AF5-8986-D345-7CDCAB7EFD8E}.Debug|x64.Build.0 = Debug|Any CPU
		{03A18A5B-1AF5-8986-D345-7CDCAB7EFD8E}.Debug|x86.ActiveCfg = Debug|Any CPU
		{03A18A5B-1AF5-8986-D345-7CDCAB7EFD8E}.Debug|x86.Build.0 = Debug|Any CPU
		{03A18A5B-1AF5-8986-D345-7CDCAB7EFD8E}.Release|Any CPU.ActiveCfg = Release|Any CPU
		{03A18A5B-1AF5-8986-D345-7CDCAB7EFD8E}.Release|Any CPU.Build.0 = Release|Any CPU
		{03A18A5B-1AF5-8986-D345-7CDCAB7EFD8E}.Release|ARM64.ActiveCfg = Release|Any CPU
		{03A18A5B-1AF5-8986-D345-7CDCAB7EFD8E}.Release|ARM64.Build.0 = Release|Any CPU
		{03A18A5B-1AF5-8986-D345-7CDCAB7EFD8E}.Release|x64.ActiveCfg = Release|Any CPU
		{03A18A5B-1AF5-8986-D345-7CDCAB7EFD8E}.Release|x64.Build.0 = Release|Any CPU
		{03A18A5B-1AF5-8986-D345-7CDCAB7EFD8E}.Release|x86.ActiveCfg = Release|Any CPU
		{03A18A5B-1AF5-8986-D345-7CDCAB7EFD8E}.Release|x86.Build.0 = Release|Any CPU
		{B5F13F92-376F-BA68-BE8F-D9251B004FCF}.Debug|Any CPU.ActiveCfg = Debug|Any CPU
		{B5F13F92-376F-BA68-BE8F-D9251B004FCF}.Debug|Any CPU.Build.0 = Debug|Any CPU
		{B5F13F92-376F-BA68-BE8F-D9251B004FCF}.Debug|ARM64.ActiveCfg = Debug|Any CPU
		{B5F13F92-376F-BA68-BE8F-D9251B004FCF}.Debug|ARM64.Build.0 = Debug|Any CPU
		{B5F13F92-376F-BA68-BE8F-D9251B004FCF}.Debug|x64.ActiveCfg = Debug|Any CPU
		{B5F13F92-376F-BA68-BE8F-D9251B004FCF}.Debug|x64.Build.0 = Debug|Any CPU
		{B5F13F92-376F-BA68-BE8F-D9251B004FCF}.Debug|x86.ActiveCfg = Debug|Any CPU
		{B5F13F92-376F-BA68-BE8F-D9251B004FCF}.Debug|x86.Build.0 = Debug|Any CPU
		{B5F13F92-376F-BA68-BE8F-D9251B004FCF}.Release|Any CPU.ActiveCfg = Release|Any CPU
		{B5F13F92-376F-BA68-BE8F-D9251B004FCF}.Release|Any CPU.Build.0 = Release|Any CPU
		{B5F13F92-376F-BA68-BE8F-D9251B004FCF}.Release|ARM64.ActiveCfg = Release|Any CPU
		{B5F13F92-376F-BA68-BE8F-D9251B004FCF}.Release|ARM64.Build.0 = Release|Any CPU
		{B5F13F92-376F-BA68-BE8F-D9251B004FCF}.Release|x64.ActiveCfg = Release|Any CPU
		{B5F13F92-376F-BA68-BE8F-D9251B004FCF}.Release|x64.Build.0 = Release|Any CPU
		{B5F13F92-376F-BA68-BE8F-D9251B004FCF}.Release|x86.ActiveCfg = Release|Any CPU
		{B5F13F92-376F-BA68-BE8F-D9251B004FCF}.Release|x86.Build.0 = Release|Any CPU
		{88454F85-A6C8-4C06-9838-6F66FE665E94}.Debug|Any CPU.ActiveCfg = Debug|Any CPU
		{88454F85-A6C8-4C06-9838-6F66FE665E94}.Debug|Any CPU.Build.0 = Debug|Any CPU
		{88454F85-A6C8-4C06-9838-6F66FE665E94}.Debug|ARM64.ActiveCfg = Debug|Any CPU
		{88454F85-A6C8-4C06-9838-6F66FE665E94}.Debug|ARM64.Build.0 = Debug|Any CPU
		{88454F85-A6C8-4C06-9838-6F66FE665E94}.Debug|x64.ActiveCfg = Debug|Any CPU
		{88454F85-A6C8-4C06-9838-6F66FE665E94}.Debug|x64.Build.0 = Debug|Any CPU
		{88454F85-A6C8-4C06-9838-6F66FE665E94}.Debug|x86.ActiveCfg = Debug|Any CPU
		{88454F85-A6C8-4C06-9838-6F66FE665E94}.Debug|x86.Build.0 = Debug|Any CPU
		{88454F85-A6C8-4C06-9838-6F66FE665E94}.Release|Any CPU.ActiveCfg = Release|Any CPU
		{88454F85-A6C8-4C06-9838-6F66FE665E94}.Release|Any CPU.Build.0 = Release|Any CPU
		{88454F85-A6C8-4C06-9838-6F66FE665E94}.Release|ARM64.ActiveCfg = Release|Any CPU
		{88454F85-A6C8-4C06-9838-6F66FE665E94}.Release|ARM64.Build.0 = Release|Any CPU
		{88454F85-A6C8-4C06-9838-6F66FE665E94}.Release|x64.ActiveCfg = Release|Any CPU
		{88454F85-A6C8-4C06-9838-6F66FE665E94}.Release|x64.Build.0 = Release|Any CPU
		{88454F85-A6C8-4C06-9838-6F66FE665E94}.Release|x86.ActiveCfg = Release|Any CPU
		{88454F85-A6C8-4C06-9838-6F66FE665E94}.Release|x86.Build.0 = Release|Any CPU
		{16D60ABF-CABE-42E4-B6CC-7C7B2406466D}.Debug|Any CPU.ActiveCfg = Debug|Any CPU
		{16D60ABF-CABE-42E4-B6CC-7C7B2406466D}.Debug|Any CPU.Build.0 = Debug|Any CPU
		{16D60ABF-CABE-42E4-B6CC-7C7B2406466D}.Debug|ARM64.ActiveCfg = Debug|Any CPU
		{16D60ABF-CABE-42E4-B6CC-7C7B2406466D}.Debug|ARM64.Build.0 = Debug|Any CPU
		{16D60ABF-CABE-42E4-B6CC-7C7B2406466D}.Debug|x64.ActiveCfg = Debug|Any CPU
		{16D60ABF-CABE-42E4-B6CC-7C7B2406466D}.Debug|x64.Build.0 = Debug|Any CPU
		{16D60ABF-CABE-42E4-B6CC-7C7B2406466D}.Debug|x86.ActiveCfg = Debug|Any CPU
		{16D60ABF-CABE-42E4-B6CC-7C7B2406466D}.Debug|x86.Build.0 = Debug|Any CPU
		{16D60ABF-CABE-42E4-B6CC-7C7B2406466D}.Release|Any CPU.ActiveCfg = Release|Any CPU
		{16D60ABF-CABE-42E4-B6CC-7C7B2406466D}.Release|Any CPU.Build.0 = Release|Any CPU
		{16D60ABF-CABE-42E4-B6CC-7C7B2406466D}.Release|ARM64.ActiveCfg = Release|Any CPU
		{16D60ABF-CABE-42E4-B6CC-7C7B2406466D}.Release|ARM64.Build.0 = Release|Any CPU
		{16D60ABF-CABE-42E4-B6CC-7C7B2406466D}.Release|x64.ActiveCfg = Release|Any CPU
		{16D60ABF-CABE-42E4-B6CC-7C7B2406466D}.Release|x64.Build.0 = Release|Any CPU
		{16D60ABF-CABE-42E4-B6CC-7C7B2406466D}.Release|x86.ActiveCfg = Release|Any CPU
		{16D60ABF-CABE-42E4-B6CC-7C7B2406466D}.Release|x86.Build.0 = Release|Any CPU
		{15F9FEB1-C86A-46AA-B1A8-EAAD6FD4890B}.Debug|Any CPU.ActiveCfg = Debug|Any CPU
		{15F9FEB1-C86A-46AA-B1A8-EAAD6FD4890B}.Debug|Any CPU.Build.0 = Debug|Any CPU
		{15F9FEB1-C86A-46AA-B1A8-EAAD6FD4890B}.Debug|ARM64.ActiveCfg = Debug|Any CPU
		{15F9FEB1-C86A-46AA-B1A8-EAAD6FD4890B}.Debug|ARM64.Build.0 = Debug|Any CPU
		{15F9FEB1-C86A-46AA-B1A8-EAAD6FD4890B}.Debug|x64.ActiveCfg = Debug|Any CPU
		{15F9FEB1-C86A-46AA-B1A8-EAAD6FD4890B}.Debug|x64.Build.0 = Debug|Any CPU
		{15F9FEB1-C86A-46AA-B1A8-EAAD6FD4890B}.Debug|x86.ActiveCfg = Debug|Any CPU
		{15F9FEB1-C86A-46AA-B1A8-EAAD6FD4890B}.Debug|x86.Build.0 = Debug|Any CPU
		{15F9FEB1-C86A-46AA-B1A8-EAAD6FD4890B}.Release|Any CPU.ActiveCfg = Release|Any CPU
		{15F9FEB1-C86A-46AA-B1A8-EAAD6FD4890B}.Release|Any CPU.Build.0 = Release|Any CPU
		{15F9FEB1-C86A-46AA-B1A8-EAAD6FD4890B}.Release|ARM64.ActiveCfg = Release|Any CPU
		{15F9FEB1-C86A-46AA-B1A8-EAAD6FD4890B}.Release|ARM64.Build.0 = Release|Any CPU
		{15F9FEB1-C86A-46AA-B1A8-EAAD6FD4890B}.Release|x64.ActiveCfg = Release|Any CPU
		{15F9FEB1-C86A-46AA-B1A8-EAAD6FD4890B}.Release|x64.Build.0 = Release|Any CPU
		{15F9FEB1-C86A-46AA-B1A8-EAAD6FD4890B}.Release|x86.ActiveCfg = Release|Any CPU
		{15F9FEB1-C86A-46AA-B1A8-EAAD6FD4890B}.Release|x86.Build.0 = Release|Any CPU
		{14714514-3C19-4F44-A1F0-E611352A53B9}.Debug|Any CPU.ActiveCfg = Debug|Any CPU
		{14714514-3C19-4F44-A1F0-E611352A53B9}.Debug|Any CPU.Build.0 = Debug|Any CPU
		{14714514-3C19-4F44-A1F0-E611352A53B9}.Debug|ARM64.ActiveCfg = Debug|Any CPU
		{14714514-3C19-4F44-A1F0-E611352A53B9}.Debug|ARM64.Build.0 = Debug|Any CPU
		{14714514-3C19-4F44-A1F0-E611352A53B9}.Debug|x64.ActiveCfg = Debug|Any CPU
		{14714514-3C19-4F44-A1F0-E611352A53B9}.Debug|x64.Build.0 = Debug|Any CPU
		{14714514-3C19-4F44-A1F0-E611352A53B9}.Debug|x86.ActiveCfg = Debug|Any CPU
		{14714514-3C19-4F44-A1F0-E611352A53B9}.Debug|x86.Build.0 = Debug|Any CPU
		{14714514-3C19-4F44-A1F0-E611352A53B9}.Release|Any CPU.ActiveCfg = Release|Any CPU
		{14714514-3C19-4F44-A1F0-E611352A53B9}.Release|Any CPU.Build.0 = Release|Any CPU
		{14714514-3C19-4F44-A1F0-E611352A53B9}.Release|ARM64.ActiveCfg = Release|Any CPU
		{14714514-3C19-4F44-A1F0-E611352A53B9}.Release|ARM64.Build.0 = Release|Any CPU
		{14714514-3C19-4F44-A1F0-E611352A53B9}.Release|x64.ActiveCfg = Release|Any CPU
		{14714514-3C19-4F44-A1F0-E611352A53B9}.Release|x64.Build.0 = Release|Any CPU
		{14714514-3C19-4F44-A1F0-E611352A53B9}.Release|x86.ActiveCfg = Release|Any CPU
		{14714514-3C19-4F44-A1F0-E611352A53B9}.Release|x86.Build.0 = Release|Any CPU
		{616F92D8-EBF8-4024-88E3-116C278404BC}.Debug|Any CPU.ActiveCfg = Debug|Any CPU
		{616F92D8-EBF8-4024-88E3-116C278404BC}.Debug|Any CPU.Build.0 = Debug|Any CPU
		{616F92D8-EBF8-4024-88E3-116C278404BC}.Debug|ARM64.ActiveCfg = Debug|Any CPU
		{616F92D8-EBF8-4024-88E3-116C278404BC}.Debug|ARM64.Build.0 = Debug|Any CPU
		{616F92D8-EBF8-4024-88E3-116C278404BC}.Debug|x64.ActiveCfg = Debug|Any CPU
		{616F92D8-EBF8-4024-88E3-116C278404BC}.Debug|x64.Build.0 = Debug|Any CPU
		{616F92D8-EBF8-4024-88E3-116C278404BC}.Debug|x86.ActiveCfg = Debug|Any CPU
		{616F92D8-EBF8-4024-88E3-116C278404BC}.Debug|x86.Build.0 = Debug|Any CPU
		{616F92D8-EBF8-4024-88E3-116C278404BC}.Release|Any CPU.ActiveCfg = Release|Any CPU
		{616F92D8-EBF8-4024-88E3-116C278404BC}.Release|Any CPU.Build.0 = Release|Any CPU
		{616F92D8-EBF8-4024-88E3-116C278404BC}.Release|ARM64.ActiveCfg = Release|Any CPU
		{616F92D8-EBF8-4024-88E3-116C278404BC}.Release|ARM64.Build.0 = Release|Any CPU
		{616F92D8-EBF8-4024-88E3-116C278404BC}.Release|x64.ActiveCfg = Release|Any CPU
		{616F92D8-EBF8-4024-88E3-116C278404BC}.Release|x64.Build.0 = Release|Any CPU
		{616F92D8-EBF8-4024-88E3-116C278404BC}.Release|x86.ActiveCfg = Release|Any CPU
		{616F92D8-EBF8-4024-88E3-116C278404BC}.Release|x86.Build.0 = Release|Any CPU
		{D255F0B6-89A0-49CA-9BFF-865DF3E4E826}.Debug|Any CPU.ActiveCfg = Debug|Any CPU
		{D255F0B6-89A0-49CA-9BFF-865DF3E4E826}.Debug|Any CPU.Build.0 = Debug|Any CPU
		{D255F0B6-89A0-49CA-9BFF-865DF3E4E826}.Debug|ARM64.ActiveCfg = Debug|Any CPU
		{D255F0B6-89A0-49CA-9BFF-865DF3E4E826}.Debug|ARM64.Build.0 = Debug|Any CPU
		{D255F0B6-89A0-49CA-9BFF-865DF3E4E826}.Debug|x64.ActiveCfg = Debug|Any CPU
		{D255F0B6-89A0-49CA-9BFF-865DF3E4E826}.Debug|x64.Build.0 = Debug|Any CPU
		{D255F0B6-89A0-49CA-9BFF-865DF3E4E826}.Debug|x86.ActiveCfg = Debug|Any CPU
		{D255F0B6-89A0-49CA-9BFF-865DF3E4E826}.Debug|x86.Build.0 = Debug|Any CPU
		{D255F0B6-89A0-49CA-9BFF-865DF3E4E826}.Release|Any CPU.ActiveCfg = Release|Any CPU
		{D255F0B6-89A0-49CA-9BFF-865DF3E4E826}.Release|Any CPU.Build.0 = Release|Any CPU
		{D255F0B6-89A0-49CA-9BFF-865DF3E4E826}.Release|ARM64.ActiveCfg = Release|Any CPU
		{D255F0B6-89A0-49CA-9BFF-865DF3E4E826}.Release|ARM64.Build.0 = Release|Any CPU
		{D255F0B6-89A0-49CA-9BFF-865DF3E4E826}.Release|x64.ActiveCfg = Release|Any CPU
		{D255F0B6-89A0-49CA-9BFF-865DF3E4E826}.Release|x64.Build.0 = Release|Any CPU
		{D255F0B6-89A0-49CA-9BFF-865DF3E4E826}.Release|x86.ActiveCfg = Release|Any CPU
		{D255F0B6-89A0-49CA-9BFF-865DF3E4E826}.Release|x86.Build.0 = Release|Any CPU
		{CBEEF306-E784-46F3-B01B-61F20D5C631B}.Debug|Any CPU.ActiveCfg = Debug|Any CPU
		{CBEEF306-E784-46F3-B01B-61F20D5C631B}.Debug|Any CPU.Build.0 = Debug|Any CPU
		{CBEEF306-E784-46F3-B01B-61F20D5C631B}.Debug|ARM64.ActiveCfg = Debug|Any CPU
		{CBEEF306-E784-46F3-B01B-61F20D5C631B}.Debug|ARM64.Build.0 = Debug|Any CPU
		{CBEEF306-E784-46F3-B01B-61F20D5C631B}.Debug|x64.ActiveCfg = Debug|Any CPU
		{CBEEF306-E784-46F3-B01B-61F20D5C631B}.Debug|x64.Build.0 = Debug|Any CPU
		{CBEEF306-E784-46F3-B01B-61F20D5C631B}.Debug|x86.ActiveCfg = Debug|Any CPU
		{CBEEF306-E784-46F3-B01B-61F20D5C631B}.Debug|x86.Build.0 = Debug|Any CPU
		{CBEEF306-E784-46F3-B01B-61F20D5C631B}.Release|Any CPU.ActiveCfg = Release|Any CPU
		{CBEEF306-E784-46F3-B01B-61F20D5C631B}.Release|Any CPU.Build.0 = Release|Any CPU
		{CBEEF306-E784-46F3-B01B-61F20D5C631B}.Release|ARM64.ActiveCfg = Release|Any CPU
		{CBEEF306-E784-46F3-B01B-61F20D5C631B}.Release|ARM64.Build.0 = Release|Any CPU
		{CBEEF306-E784-46F3-B01B-61F20D5C631B}.Release|x64.ActiveCfg = Release|Any CPU
		{CBEEF306-E784-46F3-B01B-61F20D5C631B}.Release|x64.Build.0 = Release|Any CPU
		{CBEEF306-E784-46F3-B01B-61F20D5C631B}.Release|x86.ActiveCfg = Release|Any CPU
		{CBEEF306-E784-46F3-B01B-61F20D5C631B}.Release|x86.Build.0 = Release|Any CPU
		{A3927245-531B-365F-463D-5B1977EF7615}.Debug|Any CPU.ActiveCfg = Debug|Any CPU
		{A3927245-531B-365F-463D-5B1977EF7615}.Debug|Any CPU.Build.0 = Debug|Any CPU
		{A3927245-531B-365F-463D-5B1977EF7615}.Debug|ARM64.ActiveCfg = Debug|Any CPU
		{A3927245-531B-365F-463D-5B1977EF7615}.Debug|ARM64.Build.0 = Debug|Any CPU
		{A3927245-531B-365F-463D-5B1977EF7615}.Debug|x64.ActiveCfg = Debug|Any CPU
		{A3927245-531B-365F-463D-5B1977EF7615}.Debug|x64.Build.0 = Debug|Any CPU
		{A3927245-531B-365F-463D-5B1977EF7615}.Debug|x86.ActiveCfg = Debug|Any CPU
		{A3927245-531B-365F-463D-5B1977EF7615}.Debug|x86.Build.0 = Debug|Any CPU
		{A3927245-531B-365F-463D-5B1977EF7615}.Release|Any CPU.ActiveCfg = Release|Any CPU
		{A3927245-531B-365F-463D-5B1977EF7615}.Release|Any CPU.Build.0 = Release|Any CPU
		{A3927245-531B-365F-463D-5B1977EF7615}.Release|ARM64.ActiveCfg = Release|Any CPU
		{A3927245-531B-365F-463D-5B1977EF7615}.Release|ARM64.Build.0 = Release|Any CPU
		{A3927245-531B-365F-463D-5B1977EF7615}.Release|x64.ActiveCfg = Release|Any CPU
		{A3927245-531B-365F-463D-5B1977EF7615}.Release|x64.Build.0 = Release|Any CPU
		{A3927245-531B-365F-463D-5B1977EF7615}.Release|x86.ActiveCfg = Release|Any CPU
		{A3927245-531B-365F-463D-5B1977EF7615}.Release|x86.Build.0 = Release|Any CPU
		{042FD217-C4D9-1C5D-9613-EC3B45B6EBBE}.Debug|Any CPU.ActiveCfg = Debug|Any CPU
		{042FD217-C4D9-1C5D-9613-EC3B45B6EBBE}.Debug|Any CPU.Build.0 = Debug|Any CPU
		{042FD217-C4D9-1C5D-9613-EC3B45B6EBBE}.Debug|ARM64.ActiveCfg = Debug|Any CPU
		{042FD217-C4D9-1C5D-9613-EC3B45B6EBBE}.Debug|ARM64.Build.0 = Debug|Any CPU
		{042FD217-C4D9-1C5D-9613-EC3B45B6EBBE}.Debug|x64.ActiveCfg = Debug|Any CPU
		{042FD217-C4D9-1C5D-9613-EC3B45B6EBBE}.Debug|x64.Build.0 = Debug|Any CPU
		{042FD217-C4D9-1C5D-9613-EC3B45B6EBBE}.Debug|x86.ActiveCfg = Debug|Any CPU
		{042FD217-C4D9-1C5D-9613-EC3B45B6EBBE}.Debug|x86.Build.0 = Debug|Any CPU
		{042FD217-C4D9-1C5D-9613-EC3B45B6EBBE}.Release|Any CPU.ActiveCfg = Release|Any CPU
		{042FD217-C4D9-1C5D-9613-EC3B45B6EBBE}.Release|Any CPU.Build.0 = Release|Any CPU
		{042FD217-C4D9-1C5D-9613-EC3B45B6EBBE}.Release|ARM64.ActiveCfg = Release|Any CPU
		{042FD217-C4D9-1C5D-9613-EC3B45B6EBBE}.Release|ARM64.Build.0 = Release|Any CPU
		{042FD217-C4D9-1C5D-9613-EC3B45B6EBBE}.Release|x64.ActiveCfg = Release|Any CPU
		{042FD217-C4D9-1C5D-9613-EC3B45B6EBBE}.Release|x64.Build.0 = Release|Any CPU
		{042FD217-C4D9-1C5D-9613-EC3B45B6EBBE}.Release|x86.ActiveCfg = Release|Any CPU
		{042FD217-C4D9-1C5D-9613-EC3B45B6EBBE}.Release|x86.Build.0 = Release|Any CPU
		{1F3B881B-4B80-44ED-AE1C-3DECF92AE8BF}.Debug|Any CPU.ActiveCfg = Debug|Any CPU
		{1F3B881B-4B80-44ED-AE1C-3DECF92AE8BF}.Debug|Any CPU.Build.0 = Debug|Any CPU
		{1F3B881B-4B80-44ED-AE1C-3DECF92AE8BF}.Debug|ARM64.ActiveCfg = Debug|Any CPU
		{1F3B881B-4B80-44ED-AE1C-3DECF92AE8BF}.Debug|ARM64.Build.0 = Debug|Any CPU
		{1F3B881B-4B80-44ED-AE1C-3DECF92AE8BF}.Debug|x64.ActiveCfg = Debug|Any CPU
		{1F3B881B-4B80-44ED-AE1C-3DECF92AE8BF}.Debug|x64.Build.0 = Debug|Any CPU
		{1F3B881B-4B80-44ED-AE1C-3DECF92AE8BF}.Debug|x86.ActiveCfg = Debug|Any CPU
		{1F3B881B-4B80-44ED-AE1C-3DECF92AE8BF}.Debug|x86.Build.0 = Debug|Any CPU
		{1F3B881B-4B80-44ED-AE1C-3DECF92AE8BF}.Release|Any CPU.ActiveCfg = Release|Any CPU
		{1F3B881B-4B80-44ED-AE1C-3DECF92AE8BF}.Release|Any CPU.Build.0 = Release|Any CPU
		{1F3B881B-4B80-44ED-AE1C-3DECF92AE8BF}.Release|ARM64.ActiveCfg = Release|Any CPU
		{1F3B881B-4B80-44ED-AE1C-3DECF92AE8BF}.Release|ARM64.Build.0 = Release|Any CPU
		{1F3B881B-4B80-44ED-AE1C-3DECF92AE8BF}.Release|x64.ActiveCfg = Release|Any CPU
		{1F3B881B-4B80-44ED-AE1C-3DECF92AE8BF}.Release|x64.Build.0 = Release|Any CPU
		{1F3B881B-4B80-44ED-AE1C-3DECF92AE8BF}.Release|x86.ActiveCfg = Release|Any CPU
		{1F3B881B-4B80-44ED-AE1C-3DECF92AE8BF}.Release|x86.Build.0 = Release|Any CPU
		{93134DFB-3E8F-47D7-8B84-C227A7734354}.Debug|Any CPU.ActiveCfg = Debug|Any CPU
		{93134DFB-3E8F-47D7-8B84-C227A7734354}.Debug|Any CPU.Build.0 = Debug|Any CPU
		{93134DFB-3E8F-47D7-8B84-C227A7734354}.Debug|ARM64.ActiveCfg = Debug|Any CPU
		{93134DFB-3E8F-47D7-8B84-C227A7734354}.Debug|ARM64.Build.0 = Debug|Any CPU
		{93134DFB-3E8F-47D7-8B84-C227A7734354}.Debug|x64.ActiveCfg = Debug|Any CPU
		{93134DFB-3E8F-47D7-8B84-C227A7734354}.Debug|x64.Build.0 = Debug|Any CPU
		{93134DFB-3E8F-47D7-8B84-C227A7734354}.Debug|x86.ActiveCfg = Debug|Any CPU
		{93134DFB-3E8F-47D7-8B84-C227A7734354}.Debug|x86.Build.0 = Debug|Any CPU
		{93134DFB-3E8F-47D7-8B84-C227A7734354}.Release|Any CPU.ActiveCfg = Release|Any CPU
		{93134DFB-3E8F-47D7-8B84-C227A7734354}.Release|Any CPU.Build.0 = Release|Any CPU
		{93134DFB-3E8F-47D7-8B84-C227A7734354}.Release|ARM64.ActiveCfg = Release|Any CPU
		{93134DFB-3E8F-47D7-8B84-C227A7734354}.Release|ARM64.Build.0 = Release|Any CPU
		{93134DFB-3E8F-47D7-8B84-C227A7734354}.Release|x64.ActiveCfg = Release|Any CPU
		{93134DFB-3E8F-47D7-8B84-C227A7734354}.Release|x64.Build.0 = Release|Any CPU
		{93134DFB-3E8F-47D7-8B84-C227A7734354}.Release|x86.ActiveCfg = Release|Any CPU
		{93134DFB-3E8F-47D7-8B84-C227A7734354}.Release|x86.Build.0 = Release|Any CPU
		{5533F148-EAD4-DF54-573E-27402E7A9C1B}.Debug|Any CPU.ActiveCfg = Debug|Any CPU
		{5533F148-EAD4-DF54-573E-27402E7A9C1B}.Debug|Any CPU.Build.0 = Debug|Any CPU
		{5533F148-EAD4-DF54-573E-27402E7A9C1B}.Debug|ARM64.ActiveCfg = Debug|Any CPU
		{5533F148-EAD4-DF54-573E-27402E7A9C1B}.Debug|ARM64.Build.0 = Debug|Any CPU
		{5533F148-EAD4-DF54-573E-27402E7A9C1B}.Debug|x64.ActiveCfg = Debug|Any CPU
		{5533F148-EAD4-DF54-573E-27402E7A9C1B}.Debug|x64.Build.0 = Debug|Any CPU
		{5533F148-EAD4-DF54-573E-27402E7A9C1B}.Debug|x86.ActiveCfg = Debug|Any CPU
		{5533F148-EAD4-DF54-573E-27402E7A9C1B}.Debug|x86.Build.0 = Debug|Any CPU
		{5533F148-EAD4-DF54-573E-27402E7A9C1B}.Release|Any CPU.ActiveCfg = Release|Any CPU
		{5533F148-EAD4-DF54-573E-27402E7A9C1B}.Release|Any CPU.Build.0 = Release|Any CPU
		{5533F148-EAD4-DF54-573E-27402E7A9C1B}.Release|ARM64.ActiveCfg = Release|Any CPU
		{5533F148-EAD4-DF54-573E-27402E7A9C1B}.Release|ARM64.Build.0 = Release|Any CPU
		{5533F148-EAD4-DF54-573E-27402E7A9C1B}.Release|x64.ActiveCfg = Release|Any CPU
		{5533F148-EAD4-DF54-573E-27402E7A9C1B}.Release|x64.Build.0 = Release|Any CPU
		{5533F148-EAD4-DF54-573E-27402E7A9C1B}.Release|x86.ActiveCfg = Release|Any CPU
		{5533F148-EAD4-DF54-573E-27402E7A9C1B}.Release|x86.Build.0 = Release|Any CPU
	EndGlobalSection
	GlobalSection(SolutionProperties) = preSolution
		HideSolutionNode = FALSE
	EndGlobalSection
	GlobalSection(NestedProjects) = preSolution
		{1199E8BA-25D1-4F43-881B-D4695C673CC0} = {02EA681E-C7D8-13C7-8484-4AC65E1B71E8}
		{2C13325C-BA95-4D21-84C8-1F299E994BA9} = {02EA681E-C7D8-13C7-8484-4AC65E1B71E8}
		{73E79844-6FE0-458F-AA4A-29EC3FD1A1FB} = {1199E8BA-25D1-4F43-881B-D4695C673CC0}
		{0DB49705-4FE5-12F8-3BA1-B120F7EBE3D5} = {9A064CC3-026F-43D5-9994-9F26505B857F}
		{3D5F7EFF-707D-470E-947D-E8DB27C0A2D0} = {9A064CC3-026F-43D5-9994-9F26505B857F}
		{A2A7D08F-E491-4C59-877F-959723E09F5F} = {1199E8BA-25D1-4F43-881B-D4695C673CC0}
		{D5732680-C0BF-4F85-8750-E56047E33F97} = {106B3320-8D5C-4C4B-A7BA-A6311185D129}
		{970EB8E6-7352-42C3-B0DD-8E2003CFCCE2} = {B9DEF4EB-7097-4FA2-A4EE-F4B0D7D2747F}
		{E1291724-AAFE-4E77-94BF-A7A357BD6471} = {B9DEF4EB-7097-4FA2-A4EE-F4B0D7D2747F}
		{D1665756-555D-62C3-6227-C28673E436A3} = {E167542A-7F9E-4ECF-A73C-B5AFF1B84C13}
		{73011683-F1A5-4EC0-8D3D-993411B9DCFE} = {02840250-D0C2-49BF-917E-D573167F2DC9}
		{68223BD1-4B5D-4700-A88E-99F102EB379B} = {D5732680-C0BF-4F85-8750-E56047E33F97}
		{6E22D67B-70AA-4468-BA45-32056754EA19} = {D5732680-C0BF-4F85-8750-E56047E33F97}
		{C6D04DA5-16EB-42D7-9D19-739D1E05F408} = {E1291724-AAFE-4E77-94BF-A7A357BD6471}
		{C432CC9A-BAF4-4785-868B-9D337D8513A2} = {2C13325C-BA95-4D21-84C8-1F299E994BA9}
		{391CD7E2-A408-49DC-AAA1-5F9AD1100100} = {28661278-7D42-47C2-B295-09A24BA3D2F5}
		{4380E936-CE5F-4B4F-ADDB-56B228F8B82B} = {106B3320-8D5C-4C4B-A7BA-A6311185D129}
		{E208CC2B-5654-409C-8C61-FD6152A9E26F} = {4380E936-CE5F-4B4F-ADDB-56B228F8B82B}
		{28661278-7D42-47C2-B295-09A24BA3D2F5} = {106B3320-8D5C-4C4B-A7BA-A6311185D129}
		{45230657-F857-4862-B249-E145B0810064} = {B9DEF4EB-7097-4FA2-A4EE-F4B0D7D2747F}
		{52F07E4D-8F0E-41BB-ACFE-DE56B50B50D2} = {7ECBBB40-FB34-47F3-A767-7E9F93605637}
		{F667D523-744B-418A-AAEB-BD800F50097C} = {B9DEF4EB-7097-4FA2-A4EE-F4B0D7D2747F}
		{B4A59363-451A-4810-97CA-3269A1195385} = {F667D523-744B-418A-AAEB-BD800F50097C}
		{7981D357-2243-4943-FEFD-A2553751EBC7} = {F667D523-744B-418A-AAEB-BD800F50097C}
		{9A064CC3-026F-43D5-9994-9F26505B857F} = {2C13325C-BA95-4D21-84C8-1F299E994BA9}
		{71DA4695-85F2-47E3-8F4A-0D77AE5C1702} = {2C13325C-BA95-4D21-84C8-1F299E994BA9}
		{E76AC9EE-A221-4879-B372-54E35EEC0839} = {340A29E5-0DA5-4224-8DD9-926871B0BA2B}
		{0DD9675A-0E8C-D6A3-7BF2-9B59EF62A53F} = {71DA4695-85F2-47E3-8F4A-0D77AE5C1702}
		{373A1B00-67B8-243A-BACC-8C7973A06E2B} = {71DA4695-85F2-47E3-8F4A-0D77AE5C1702}
		{02840250-D0C2-49BF-917E-D573167F2DC9} = {E1291724-AAFE-4E77-94BF-A7A357BD6471}
		{D2666FC0-409C-41DF-8453-C2172B6B2F73} = {0F003C41-48E0-4B64-A0D1-EB3829D569EB}
		{0F003C41-48E0-4B64-A0D1-EB3829D569EB} = {E1291724-AAFE-4E77-94BF-A7A357BD6471}
		{BC192DAA-02E5-4AB5-8241-1839C05ECEA2} = {D5732680-C0BF-4F85-8750-E56047E33F97}
		{7FFBFECC-E253-4533-BD1B-BA8FF34B0C67} = {BC192DAA-02E5-4AB5-8241-1839C05ECEA2}
		{749D56A2-DA95-40CE-BFB1-75EC1DFF5864} = {45230657-F857-4862-B249-E145B0810064}
		{7ECBBB40-FB34-47F3-A767-7E9F93605637} = {45230657-F857-4862-B249-E145B0810064}
		{CB9E0DBC-ECC9-4E85-9C2C-5B4EEA34A831} = {749D56A2-DA95-40CE-BFB1-75EC1DFF5864}
		{2BFA8AC3-61F2-4942-B004-DBA3F4D6EFE8} = {F667D523-744B-418A-AAEB-BD800F50097C}
		{5E455398-6EFB-4195-BDEF-07B3055C0470} = {1199E8BA-25D1-4F43-881B-D4695C673CC0}
		{C86FD2A7-DE25-4DE8-9C07-513525B877A8} = {68223BD1-4B5D-4700-A88E-99F102EB379B}
		{8D1AD769-2CB1-42DC-A5D5-D0D9C6D23C32} = {6E22D67B-70AA-4468-BA45-32056754EA19}
		{6F2C2A99-8887-4CFE-9763-9FFA228079C7} = {45230657-F857-4862-B249-E145B0810064}
		{72FF2121-E16B-4DCA-8ED5-C05F51245F43} = {2C13325C-BA95-4D21-84C8-1F299E994BA9}
		{354FAF78-997F-40E1-B8E9-883779C99E73} = {4380E936-CE5F-4B4F-ADDB-56B228F8B82B}
		{BFAD29E0-18DF-03BA-C4E1-74C8FFC629C9} = {72FF2121-E16B-4DCA-8ED5-C05F51245F43}
		{B365BDE9-AEAE-C7A0-BF7B-FAA263A23392} = {72FF2121-E16B-4DCA-8ED5-C05F51245F43}
		{03A18A5B-1AF5-8986-D345-7CDCAB7EFD8E} = {6F2C2A99-8887-4CFE-9763-9FFA228079C7}
		{B5F13F92-376F-BA68-BE8F-D9251B004FCF} = {F667D523-744B-418A-AAEB-BD800F50097C}
		{88454F85-A6C8-4C06-9838-6F66FE665E94} = {2563AA53-5AA7-4369-9761-9006896F3D6E}
		{195D4BA9-078D-418C-ACE7-DAFFD0CB00B6} = {E1291724-AAFE-4E77-94BF-A7A357BD6471}
		{2563AA53-5AA7-4369-9761-9006896F3D6E} = {970EB8E6-7352-42C3-B0DD-8E2003CFCCE2}
		{E167542A-7F9E-4ECF-A73C-B5AFF1B84C13} = {970EB8E6-7352-42C3-B0DD-8E2003CFCCE2}
		{340A29E5-0DA5-4224-8DD9-926871B0BA2B} = {970EB8E6-7352-42C3-B0DD-8E2003CFCCE2}
		{16D60ABF-CABE-42E4-B6CC-7C7B2406466D} = {195D4BA9-078D-418C-ACE7-DAFFD0CB00B6}
		{15F9FEB1-C86A-46AA-B1A8-EAAD6FD4890B} = {E1291724-AAFE-4E77-94BF-A7A357BD6471}
		{3D0477DB-1380-44BA-A6B5-D8C75F486553} = {D5732680-C0BF-4F85-8750-E56047E33F97}
		{14714514-3C19-4F44-A1F0-E611352A53B9} = {3D0477DB-1380-44BA-A6B5-D8C75F486553}
		{616F92D8-EBF8-4024-88E3-116C278404BC} = {F667D523-744B-418A-AAEB-BD800F50097C}
		{FCC562D2-C488-4379-AA4B-CF51458671EA} = {45230657-F857-4862-B249-E145B0810064}
		{BB68B843-CF86-49A6-A31E-6E3E94AF7C9A} = {D5732680-C0BF-4F85-8750-E56047E33F97}
		{D255F0B6-89A0-49CA-9BFF-865DF3E4E826} = {BB68B843-CF86-49A6-A31E-6E3E94AF7C9A}
		{EF69C328-80AF-420C-900B-E691B2CCFD28} = {2C13325C-BA95-4D21-84C8-1F299E994BA9}
		{CBEEF306-E784-46F3-B01B-61F20D5C631B} = {EF69C328-80AF-420C-900B-E691B2CCFD28}
		{A3927245-531B-365F-463D-5B1977EF7615} = {EF69C328-80AF-420C-900B-E691B2CCFD28}
		{13402F3B-1F12-4188-B81F-BFF1F5267399} = {E1291724-AAFE-4E77-94BF-A7A357BD6471}
		{042FD217-C4D9-1C5D-9613-EC3B45B6EBBE} = {13402F3B-1F12-4188-B81F-BFF1F5267399}
		{63FEFB32-7D69-45CF-B1BF-B20D49A4C106} = {970EB8E6-7352-42C3-B0DD-8E2003CFCCE2}
		{1F3B881B-4B80-44ED-AE1C-3DECF92AE8BF} = {63FEFB32-7D69-45CF-B1BF-B20D49A4C106}
		{93134DFB-3E8F-47D7-8B84-C227A7734354} = {D00DC458-21DA-428A-A011-D01F33071CB5}
		{5533F148-EAD4-DF54-573E-27402E7A9C1B} = {FCC562D2-C488-4379-AA4B-CF51458671EA}
	EndGlobalSection
	GlobalSection(ExtensibilityGlobals) = postSolution
		SolutionGuid = {6700A9D3-DC96-480C-BBE0-4E04C5A4EA0A}
	EndGlobalSection
EndGlobal
